// !$*UTF8*$!
{
	archiveVersion = 1;
	classes = {
	};
	objectVersion = 50;
	objects = {

/* Begin PBXBuildFile section */
		AD34B3D323C4EC0800AA8DED /* AppDelegate.swift in Sources */ = {isa = PBXBuildFile; fileRef = AD34B3D223C4EC0800AA8DED /* AppDelegate.swift */; };
		AD34B3D523C4EC0800AA8DED /* SceneDelegate.swift in Sources */ = {isa = PBXBuildFile; fileRef = AD34B3D423C4EC0800AA8DED /* SceneDelegate.swift */; };
		AD34B3D723C4EC0800AA8DED /* ViewController.swift in Sources */ = {isa = PBXBuildFile; fileRef = AD34B3D623C4EC0800AA8DED /* ViewController.swift */; };
		AD34B3DA23C4EC0800AA8DED /* Main.storyboard in Resources */ = {isa = PBXBuildFile; fileRef = AD34B3D823C4EC0800AA8DED /* Main.storyboard */; };
		AD34B3DC23C4EC0A00AA8DED /* Assets.xcassets in Resources */ = {isa = PBXBuildFile; fileRef = AD34B3DB23C4EC0A00AA8DED /* Assets.xcassets */; };
		AD34B3DF23C4EC0A00AA8DED /* LaunchScreen.storyboard in Resources */ = {isa = PBXBuildFile; fileRef = AD34B3DD23C4EC0A00AA8DED /* LaunchScreen.storyboard */; };
/* End PBXBuildFile section */

/* Begin PBXFileReference section */
		AD34B3CF23C4EC0800AA8DED /* MilosavljevicM.app */ = {isa = PBXFileReference; explicitFileType = wrapper.application; includeInIndex = 0; path = MilosavljevicM.app; sourceTree = BUILT_PRODUCTS_DIR; };
		AD34B3D223C4EC0800AA8DED /* AppDelegate.swift */ = {isa = PBXFileReference; lastKnownFileType = sourcecode.swift; path = AppDelegate.swift; sourceTree = "<group>"; };
		AD34B3D423C4EC0800AA8DED /* SceneDelegate.swift */ = {isa = PBXFileReference; lastKnownFileType = sourcecode.swift; path = SceneDelegate.swift; sourceTree = "<group>"; };
		AD34B3D623C4EC0800AA8DED /* ViewController.swift */ = {isa = PBXFileReference; lastKnownFileType = sourcecode.swift; path = ViewController.swift; sourceTree = "<group>"; };
		AD34B3D923C4EC0800AA8DED /* Base */ = {isa = PBXFileReference; lastKnownFileType = file.storyboard; name = Base; path = Base.lproj/Main.storyboard; sourceTree = "<group>"; };
		AD34B3DB23C4EC0A00AA8DED /* Assets.xcassets */ = {isa = PBXFileReference; lastKnownFileType = folder.assetcatalog; path = Assets.xcassets; sourceTree = "<group>"; };
		AD34B3DE23C4EC0A00AA8DED /* Base */ = {isa = PBXFileReference; lastKnownFileType = file.storyboard; name = Base; path = Base.lproj/LaunchScreen.storyboard; sourceTree = "<group>"; };
		AD34B3E023C4EC0A00AA8DED /* Info.plist */ = {isa = PBXFileReference; lastKnownFileType = text.plist.xml; path = Info.plist; sourceTree = "<group>"; };
/* End PBXFileReference section */

/* Begin PBXFrameworksBuildPhase section */
		AD34B3CC23C4EC0800AA8DED /* Frameworks */ = {
			isa = PBXFrameworksBuildPhase;
			buildActionMask = 2147483647;
			files = (
			);
			runOnlyForDeploymentPostprocessing = 0;
		};
/* End PBXFrameworksBuildPhase section */

/* Begin PBXGroup section */
		AD34B3C623C4EC0800AA8DED = {
			isa = PBXGroup;
			children = (
				AD34B3D123C4EC0800AA8DED /* MilosavljevicM */,
				AD34B3D023C4EC0800AA8DED /* Products */,
			);
			sourceTree = "<group>";
		};
		AD34B3D023C4EC0800AA8DED /* Products */ = {
			isa = PBXGroup;
			children = (
				AD34B3CF23C4EC0800AA8DED /* MilosavljevicM.app */,
			);
			name = Products;
			sourceTree = "<group>";
		};
		AD34B3D123C4EC0800AA8DED /* MilosavljevicM */ = {
			isa = PBXGroup;
			children = (
				AD34B3D223C4EC0800AA8DED /* AppDelegate.swift */,
				AD34B3D423C4EC0800AA8DED /* SceneDelegate.swift */,
				AD34B3D623C4EC0800AA8DED /* ViewController.swift */,
				AD34B3D823C4EC0800AA8DED /* Main.storyboard */,
				AD34B3DB23C4EC0A00AA8DED /* Assets.xcassets */,
				AD34B3DD23C4EC0A00AA8DED /* LaunchScreen.storyboard */,
				AD34B3E023C4EC0A00AA8DED /* Info.plist */,
			);
			path = MilosavljevicM;
			sourceTree = "<group>";
		};
/* End PBXGroup section */

/* Begin PBXNativeTarget section */
		AD34B3CE23C4EC0800AA8DED /* MilosavljevicM */ = {
			isa = PBXNativeTarget;
			buildConfigurationList = AD34B3E323C4EC0A00AA8DED /* Build configuration list for PBXNativeTarget "MilosavljevicM" */;
			buildPhases = (
				AD34B3CB23C4EC0800AA8DED /* Sources */,
				AD34B3CC23C4EC0800AA8DED /* Frameworks */,
				AD34B3CD23C4EC0800AA8DED /* Resources */,
			);
			buildRules = (
			);
			dependencies = (
			);
			name = MilosavljevicM;
			productName = MilosavljevicM;
			productReference = AD34B3CF23C4EC0800AA8DED /* MilosavljevicM.app */;
			productType = "com.apple.product-type.application";
		};
/* End PBXNativeTarget section */

/* Begin PBXProject section */
		AD34B3C723C4EC0800AA8DED /* Project object */ = {
			isa = PBXProject;
			attributes = {
				LastSwiftUpdateCheck = 1130;
				LastUpgradeCheck = 1130;
				ORGANIZATIONNAME = "Marko Milosavljevic";
				TargetAttributes = {
					AD34B3CE23C4EC0800AA8DED = {
						CreatedOnToolsVersion = 11.3;
					};
				};
			};
			buildConfigurationList = AD34B3CA23C4EC0800AA8DED /* Build configuration list for PBXProject "MilosavljevicM" */;
			compatibilityVersion = "Xcode 9.3";
			developmentRegion = en;
			hasScannedForEncodings = 0;
			knownRegions = (
				en,
				Base,
			);
			mainGroup = AD34B3C623C4EC0800AA8DED;
			productRefGroup = AD34B3D023C4EC0800AA8DED /* Products */;
			projectDirPath = "";
			projectRoot = "";
			targets = (
				AD34B3CE23C4EC0800AA8DED /* MilosavljevicM */,
			);
		};
/* End PBXProject section */

/* Begin PBXResourcesBuildPhase section */
		AD34B3CD23C4EC0800AA8DED /* Resources */ = {
			isa = PBXResourcesBuildPhase;
			buildActionMask = 2147483647;
			files = (
				AD34B3DF23C4EC0A00AA8DED /* LaunchScreen.storyboard in Resources */,
				AD34B3DC23C4EC0A00AA8DED /* Assets.xcassets in Resources */,
				AD34B3DA23C4EC0800AA8DED /* Main.storyboard in Resources */,
			);
			runOnlyForDeploymentPostprocessing = 0;
		};
/* End PBXResourcesBuildPhase section */

/* Begin PBXSourcesBuildPhase section */
		AD34B3CB23C4EC0800AA8DED /* Sources */ = {
			isa = PBXSourcesBuildPhase;
			buildActionMask = 2147483647;
			files = (
				AD34B3D723C4EC0800AA8DED /* ViewController.swift in Sources */,
				AD34B3D323C4EC0800AA8DED /* AppDelegate.swift in Sources */,
				AD34B3D523C4EC0800AA8DED /* SceneDelegate.swift in Sources */,
			);
			runOnlyForDeploymentPostprocessing = 0;
		};
/* End PBXSourcesBuildPhase section */

/* Begin PBXVariantGroup section */
		AD34B3D823C4EC0800AA8DED /* Main.storyboard */ = {
			isa = PBXVariantGroup;
			children = (
				AD34B3D923C4EC0800AA8DED /* Base */,
			);
			name = Main.storyboard;
			sourceTree = "<group>";
		};
		AD34B3DD23C4EC0A00AA8DED /* LaunchScreen.storyboard */ = {
			isa = PBXVariantGroup;
			children = (
				AD34B3DE23C4EC0A00AA8DED /* Base */,
			);
			name = LaunchScreen.storyboard;
			sourceTree = "<group>";
		};
/* End PBXVariantGroup section */

/* Begin XCBuildConfiguration section */
		AD34B3E123C4EC0A00AA8DED /* Debug */ = {
			isa = XCBuildConfiguration;
			buildSettings = {
				ALWAYS_SEARCH_USER_PATHS = NO;
				CLANG_ANALYZER_NONNULL = YES;
				CLANG_ANALYZER_NUMBER_OBJECT_CONVERSION = YES_AGGRESSIVE;
				CLANG_CXX_LANGUAGE_STANDARD = "gnu++14";
				CLANG_CXX_LIBRARY = "libc++";
				CLANG_ENABLE_MODULES = YES;
				CLANG_ENABLE_OBJC_ARC = YES;
				CLANG_ENABLE_OBJC_WEAK = YES;
				CLANG_WARN_BLOCK_CAPTURE_AUTORELEASING = YES;
				CLANG_WARN_BOOL_CONVERSION = YES;
				CLANG_WARN_COMMA = YES;
				CLANG_WARN_CONSTANT_CONVERSION = YES;
				CLANG_WARN_DEPRECATED_OBJC_IMPLEMENTATIONS = YES;
				CLANG_WARN_DIRECT_OBJC_ISA_USAGE = YES_ERROR;
				CLANG_WARN_DOCUMENTATION_COMMENTS = YES;
				CLANG_WARN_EMPTY_BODY = YES;
				CLANG_WARN_ENUM_CONVERSION = YES;
				CLANG_WARN_INFINITE_RECURSION = YES;
				CLANG_WARN_INT_CONVERSION = YES;
				CLANG_WARN_NON_LITERAL_NULL_CONVERSION = YES;
				CLANG_WARN_OBJC_IMPLICIT_RETAIN_SELF = YES;
				CLANG_WARN_OBJC_LITERAL_CONVERSION = YES;
				CLANG_WARN_OBJC_ROOT_CLASS = YES_ERROR;
				CLANG_WARN_RANGE_LOOP_ANALYSIS = YES;
				CLANG_WARN_STRICT_PROTOTYPES = YES;
				CLANG_WARN_SUSPICIOUS_MOVE = YES;
				CLANG_WARN_UNGUARDED_AVAILABILITY = YES_AGGRESSIVE;
				CLANG_WARN_UNREACHABLE_CODE = YES;
				CLANG_WARN__DUPLICATE_METHOD_MATCH = YES;
				COPY_PHASE_STRIP = NO;
				DEBUG_INFORMATION_FORMAT = dwarf;
				ENABLE_STRICT_OBJC_MSGSEND = YES;
				ENABLE_TESTABILITY = YES;
				GCC_C_LANGUAGE_STANDARD = gnu11;
				GCC_DYNAMIC_NO_PIC = NO;
				GCC_NO_COMMON_BLOCKS = YES;
				GCC_OPTIMIZATION_LEVEL = 0;
				GCC_PREPROCESSOR_DEFINITIONS = (
					"DEBUG=1",
					"$(inherited)",
				);
				GCC_WARN_64_TO_32_BIT_CONVERSION = YES;
				GCC_WARN_ABOUT_RETURN_TYPE = YES_ERROR;
				GCC_WARN_UNDECLARED_SELECTOR = YES;
				GCC_WARN_UNINITIALIZED_AUTOS = YES_AGGRESSIVE;
				GCC_WARN_UNUSED_FUNCTION = YES;
				GCC_WARN_UNUSED_VARIABLE = YES;
				IPHONEOS_DEPLOYMENT_TARGET = 13.2;
				MTL_ENABLE_DEBUG_INFO = INCLUDE_SOURCE;
				MTL_FAST_MATH = YES;
				ONLY_ACTIVE_ARCH = YES;
				SDKROOT = iphoneos;
				SWIFT_ACTIVE_COMPILATION_CONDITIONS = DEBUG;
				SWIFT_OPTIMIZATION_LEVEL = "-Onone";
			};
			name = Debug;
		};
		AD34B3E223C4EC0A00AA8DED /* Release */ = {
			isa = XCBuildConfiguration;
			buildSettings = {
				ALWAYS_SEARCH_USER_PATHS = NO;
				CLANG_ANALYZER_NONNULL = YES;
				CLANG_ANALYZER_NUMBER_OBJECT_CONVERSION = YES_AGGRESSIVE;
				CLANG_CXX_LANGUAGE_STANDARD = "gnu++14";
				CLANG_CXX_LIBRARY = "libc++";
				CLANG_ENABLE_MODULES = YES;
				CLANG_ENABLE_OBJC_ARC = YES;
				CLANG_ENABLE_OBJC_WEAK = YES;
				CLANG_WARN_BLOCK_CAPTURE_AUTORELEASING = YES;
				CLANG_WARN_BOOL_CONVERSION = YES;
				CLANG_WARN_COMMA = YES;
				CLANG_WARN_CONSTANT_CONVERSION = YES;
				CLANG_WARN_DEPRECATED_OBJC_IMPLEMENTATIONS = YES;
				CLANG_WARN_DIRECT_OBJC_ISA_USAGE = YES_ERROR;
				CLANG_WARN_DOCUMENTATION_COMMENTS = YES;
				CLANG_WARN_EMPTY_BODY = YES;
				CLANG_WARN_ENUM_CONVERSION = YES;
				CLANG_WARN_INFINITE_RECURSION = YES;
				CLANG_WARN_INT_CONVERSION = YES;
				CLANG_WARN_NON_LITERAL_NULL_CONVERSION = YES;
				CLANG_WARN_OBJC_IMPLICIT_RETAIN_SELF = YES;
				CLANG_WARN_OBJC_LITERAL_CONVERSION = YES;
				CLANG_WARN_OBJC_ROOT_CLASS = YES_ERROR;
				CLANG_WARN_RANGE_LOOP_ANALYSIS = YES;
				CLANG_WARN_STRICT_PROTOTYPES = YES;
				CLANG_WARN_SUSPICIOUS_MOVE = YES;
				CLANG_WARN_UNGUARDED_AVAILABILITY = YES_AGGRESSIVE;
				CLANG_WARN_UNREACHABLE_CODE = YES;
				CLANG_WARN__DUPLICATE_METHOD_MATCH = YES;
				COPY_PHASE_STRIP = NO;
				DEBUG_INFORMATION_FORMAT = "dwarf-with-dsym";
				ENABLE_NS_ASSERTIONS = NO;
				ENABLE_STRICT_OBJC_MSGSEND = YES;
				GCC_C_LANGUAGE_STANDARD = gnu11;
				GCC_NO_COMMON_BLOCKS = YES;
				GCC_WARN_64_TO_32_BIT_CONVERSION = YES;
				GCC_WARN_ABOUT_RETURN_TYPE = YES_ERROR;
				GCC_WARN_UNDECLARED_SELECTOR = YES;
				GCC_WARN_UNINITIALIZED_AUTOS = YES_AGGRESSIVE;
				GCC_WARN_UNUSED_FUNCTION = YES;
				GCC_WARN_UNUSED_VARIABLE = YES;
				IPHONEOS_DEPLOYMENT_TARGET = 13.2;
				MTL_ENABLE_DEBUG_INFO = NO;
				MTL_FAST_MATH = YES;
				SDKROOT = iphoneos;
				SWIFT_COMPILATION_MODE = wholemodule;
				SWIFT_OPTIMIZATION_LEVEL = "-O";
				VALIDATE_PRODUCT = YES;
			};
			name = Release;
		};
		AD34B3E423C4EC0A00AA8DED /* Debug */ = {
			isa = XCBuildConfiguration;
			buildSettings = {
				ASSETCATALOG_COMPILER_APPICON_NAME = AppIcon;
				CODE_SIGN_STYLE = Automatic;
				INFOPLIST_FILE = MilosavljevicM/Info.plist;
				LD_RUNPATH_SEARCH_PATHS = (
					"$(inherited)",
					"@executable_path/Frameworks",
				);
				PRODUCT_BUNDLE_IDENTIFIER = DePaulUniversity.MilosavljevicM;
				PRODUCT_NAME = "$(TARGET_NAME)";
				SWIFT_VERSION = 5.0;
				TARGETED_DEVICE_FAMILY = 1;
			};
			name = Debug;
		};
		AD34B3E523C4EC0A00AA8DED /* Release */ = {
			isa = XCBuildConfiguration;
			buildSettings = {
				ASSETCATALOG_COMPILER_APPICON_NAME = AppIcon;
				CODE_SIGN_STYLE = Automatic;
				INFOPLIST_FILE = MilosavljevicM/Info.plist;
				LD_RUNPATH_SEARCH_PATHS = (
					"$(inherited)",
					"@executable_path/Frameworks",
				);
				PRODUCT_BUNDLE_IDENTIFIER = DePaulUniversity.MilosavljevicM;
				PRODUCT_NAME = "$(TARGET_NAME)";
				SWIFT_VERSION = 5.0;
				TARGETED_DEVICE_FAMILY = 1;
			};
			name = Release;
		};
/* End XCBuildConfiguration section */

/* Begin XCConfigurationList section */
		AD34B3CA23C4EC0800AA8DED /* Build configuration list for PBXProject "MilosavljevicM" */ = {
			isa = XCConfigurationList;
			buildConfigurations = (
				AD34B3E123C4EC0A00AA8DED /* Debug */,
				AD34B3E223C4EC0A00AA8DED /* Release */,
			);
			defaultConfigurationIsVisible = 0;
			defaultConfigurationName = Release;
		};
		AD34B3E323C4EC0A00AA8DED /* Build configuration list for PBXNativeTarget "MilosavljevicM" */ = {
			isa = XCConfigurationList;
			buildConfigurations = (
				AD34B3E423C4EC0A00AA8DED /* Debug */,
				AD34B3E523C4EC0A00AA8DED /* Release */,
			);
			defaultConfigurationIsVisible = 0;
			defaultConfigurationName = Release;
		};
/* End XCConfigurationList section */
	};
	rootObject = AD34B3C723C4EC0800AA8DED /* Project object */;
}
