// !$*UTF8*$!
{
	archiveVersion = 1;
	classes = {
	};
	objectVersion = 50;
	objects = {

/* Begin PBXBuildFile section */
		AD58B32823FE394F0065A95A /* AppDelegate.swift in Sources */ = {isa = PBXBuildFile; fileRef = AD58B32723FE394F0065A95A /* AppDelegate.swift */; };
		AD58B32A23FE394F0065A95A /* SceneDelegate.swift in Sources */ = {isa = PBXBuildFile; fileRef = AD58B32923FE394F0065A95A /* SceneDelegate.swift */; };
		AD58B32C23FE394F0065A95A /* ViewController.swift in Sources */ = {isa = PBXBuildFile; fileRef = AD58B32B23FE394F0065A95A /* ViewController.swift */; };
		AD58B32F23FE394F0065A95A /* Main.storyboard in Resources */ = {isa = PBXBuildFile; fileRef = AD58B32D23FE394F0065A95A /* Main.storyboard */; };
		AD58B33123FE39510065A95A /* Assets.xcassets in Resources */ = {isa = PBXBuildFile; fileRef = AD58B33023FE39510065A95A /* Assets.xcassets */; };
		AD58B33423FE39510065A95A /* LaunchScreen.storyboard in Resources */ = {isa = PBXBuildFile; fileRef = AD58B33223FE39510065A95A /* LaunchScreen.storyboard */; };
		AD58B33F23FE39520065A95A /* MilosavljevicM_MockRemoteControl_2Tests.swift in Sources */ = {isa = PBXBuildFile; fileRef = AD58B33E23FE39520065A95A /* MilosavljevicM_MockRemoteControl_2Tests.swift */; };
		AD58B34A23FE39520065A95A /* MilosavljevicM_MockRemoteControl_2UITests.swift in Sources */ = {isa = PBXBuildFile; fileRef = AD58B34923FE39520065A95A /* MilosavljevicM_MockRemoteControl_2UITests.swift */; };
		ADCB3E7D240213C400CE3BE8 /* DVRViewController.swift in Sources */ = {isa = PBXBuildFile; fileRef = ADCB3E7C240213C400CE3BE8 /* DVRViewController.swift */; };
/* End PBXBuildFile section */

/* Begin PBXContainerItemProxy section */
		AD58B33B23FE39520065A95A /* PBXContainerItemProxy */ = {
			isa = PBXContainerItemProxy;
			containerPortal = AD58B31C23FE394F0065A95A /* Project object */;
			proxyType = 1;
			remoteGlobalIDString = AD58B32323FE394F0065A95A;
			remoteInfo = MilosavljevicM_MockRemoteControl_2;
		};
		AD58B34623FE39520065A95A /* PBXContainerItemProxy */ = {
			isa = PBXContainerItemProxy;
			containerPortal = AD58B31C23FE394F0065A95A /* Project object */;
			proxyType = 1;
			remoteGlobalIDString = AD58B32323FE394F0065A95A;
			remoteInfo = MilosavljevicM_MockRemoteControl_2;
		};
/* End PBXContainerItemProxy section */

/* Begin PBXFileReference section */
		AD58B32423FE394F0065A95A /* MilosavljevicM_MockRemoteControl_2.app */ = {isa = PBXFileReference; explicitFileType = wrapper.application; includeInIndex = 0; path = MilosavljevicM_MockRemoteControl_2.app; sourceTree = BUILT_PRODUCTS_DIR; };
		AD58B32723FE394F0065A95A /* AppDelegate.swift */ = {isa = PBXFileReference; lastKnownFileType = sourcecode.swift; path = AppDelegate.swift; sourceTree = "<group>"; };
		AD58B32923FE394F0065A95A /* SceneDelegate.swift */ = {isa = PBXFileReference; lastKnownFileType = sourcecode.swift; path = SceneDelegate.swift; sourceTree = "<group>"; };
		AD58B32B23FE394F0065A95A /* ViewController.swift */ = {isa = PBXFileReference; lastKnownFileType = sourcecode.swift; path = ViewController.swift; sourceTree = "<group>"; };
		AD58B32E23FE394F0065A95A /* Base */ = {isa = PBXFileReference; lastKnownFileType = file.storyboard; name = Base; path = Base.lproj/Main.storyboard; sourceTree = "<group>"; };
		AD58B33023FE39510065A95A /* Assets.xcassets */ = {isa = PBXFileReference; lastKnownFileType = folder.assetcatalog; path = Assets.xcassets; sourceTree = "<group>"; };
		AD58B33323FE39510065A95A /* Base */ = {isa = PBXFileReference; lastKnownFileType = file.storyboard; name = Base; path = Base.lproj/LaunchScreen.storyboard; sourceTree = "<group>"; };
		AD58B33523FE39510065A95A /* Info.plist */ = {isa = PBXFileReference; lastKnownFileType = text.plist.xml; path = Info.plist; sourceTree = "<group>"; };
		AD58B33A23FE39520065A95A /* MilosavljevicM_MockRemoteControl_2Tests.xctest */ = {isa = PBXFileReference; explicitFileType = wrapper.cfbundle; includeInIndex = 0; path = MilosavljevicM_MockRemoteControl_2Tests.xctest; sourceTree = BUILT_PRODUCTS_DIR; };
		AD58B33E23FE39520065A95A /* MilosavljevicM_MockRemoteControl_2Tests.swift */ = {isa = PBXFileReference; lastKnownFileType = sourcecode.swift; path = MilosavljevicM_MockRemoteControl_2Tests.swift; sourceTree = "<group>"; };
		AD58B34023FE39520065A95A /* Info.plist */ = {isa = PBXFileReference; lastKnownFileType = text.plist.xml; path = Info.plist; sourceTree = "<group>"; };
		AD58B34523FE39520065A95A /* MilosavljevicM_MockRemoteControl_2UITests.xctest */ = {isa = PBXFileReference; explicitFileType = wrapper.cfbundle; includeInIndex = 0; path = MilosavljevicM_MockRemoteControl_2UITests.xctest; sourceTree = BUILT_PRODUCTS_DIR; };
		AD58B34923FE39520065A95A /* MilosavljevicM_MockRemoteControl_2UITests.swift */ = {isa = PBXFileReference; lastKnownFileType = sourcecode.swift; path = MilosavljevicM_MockRemoteControl_2UITests.swift; sourceTree = "<group>"; };
		AD58B34B23FE39520065A95A /* Info.plist */ = {isa = PBXFileReference; lastKnownFileType = text.plist.xml; path = Info.plist; sourceTree = "<group>"; };
		ADCB3E7C240213C400CE3BE8 /* DVRViewController.swift */ = {isa = PBXFileReference; lastKnownFileType = sourcecode.swift; path = DVRViewController.swift; sourceTree = "<group>"; };
/* End PBXFileReference section */

/* Begin PBXFrameworksBuildPhase section */
		AD58B32123FE394F0065A95A /* Frameworks */ = {
			isa = PBXFrameworksBuildPhase;
			buildActionMask = 2147483647;
			files = (
			);
			runOnlyForDeploymentPostprocessing = 0;
		};
		AD58B33723FE39520065A95A /* Frameworks */ = {
			isa = PBXFrameworksBuildPhase;
			buildActionMask = 2147483647;
			files = (
			);
			runOnlyForDeploymentPostprocessing = 0;
		};
		AD58B34223FE39520065A95A /* Frameworks */ = {
			isa = PBXFrameworksBuildPhase;
			buildActionMask = 2147483647;
			files = (
			);
			runOnlyForDeploymentPostprocessing = 0;
		};
/* End PBXFrameworksBuildPhase section */

/* Begin PBXGroup section */
		AD58B31B23FE394F0065A95A = {
			isa = PBXGroup;
			children = (
				AD58B32623FE394F0065A95A /* MilosavljevicM_MockRemoteControl_2 */,
				AD58B33D23FE39520065A95A /* MilosavljevicM_MockRemoteControl_2Tests */,
				AD58B34823FE39520065A95A /* MilosavljevicM_MockRemoteControl_2UITests */,
				AD58B32523FE394F0065A95A /* Products */,
			);
			sourceTree = "<group>";
		};
		AD58B32523FE394F0065A95A /* Products */ = {
			isa = PBXGroup;
			children = (
				AD58B32423FE394F0065A95A /* MilosavljevicM_MockRemoteControl_2.app */,
				AD58B33A23FE39520065A95A /* MilosavljevicM_MockRemoteControl_2Tests.xctest */,
				AD58B34523FE39520065A95A /* MilosavljevicM_MockRemoteControl_2UITests.xctest */,
			);
			name = Products;
			sourceTree = "<group>";
		};
		AD58B32623FE394F0065A95A /* MilosavljevicM_MockRemoteControl_2 */ = {
			isa = PBXGroup;
			children = (
				AD58B32723FE394F0065A95A /* AppDelegate.swift */,
				AD58B32923FE394F0065A95A /* SceneDelegate.swift */,
				AD58B32B23FE394F0065A95A /* ViewController.swift */,
				AD58B32D23FE394F0065A95A /* Main.storyboard */,
				ADCB3E7C240213C400CE3BE8 /* DVRViewController.swift */,
				AD58B33023FE39510065A95A /* Assets.xcassets */,
				AD58B33223FE39510065A95A /* LaunchScreen.storyboard */,
				AD58B33523FE39510065A95A /* Info.plist */,
			);
			path = MilosavljevicM_MockRemoteControl_2;
			sourceTree = "<group>";
		};
		AD58B33D23FE39520065A95A /* MilosavljevicM_MockRemoteControl_2Tests */ = {
			isa = PBXGroup;
			children = (
				AD58B33E23FE39520065A95A /* MilosavljevicM_MockRemoteControl_2Tests.swift */,
				AD58B34023FE39520065A95A /* Info.plist */,
			);
			path = MilosavljevicM_MockRemoteControl_2Tests;
			sourceTree = "<group>";
		};
		AD58B34823FE39520065A95A /* MilosavljevicM_MockRemoteControl_2UITests */ = {
			isa = PBXGroup;
			children = (
				AD58B34923FE39520065A95A /* MilosavljevicM_MockRemoteControl_2UITests.swift */,
				AD58B34B23FE39520065A95A /* Info.plist */,
			);
			path = MilosavljevicM_MockRemoteControl_2UITests;
			sourceTree = "<group>";
		};
/* End PBXGroup section */

/* Begin PBXNativeTarget section */
		AD58B32323FE394F0065A95A /* MilosavljevicM_MockRemoteControl_2 */ = {
			isa = PBXNativeTarget;
			buildConfigurationList = AD58B34E23FE39520065A95A /* Build configuration list for PBXNativeTarget "MilosavljevicM_MockRemoteControl_2" */;
			buildPhases = (
				AD58B32023FE394F0065A95A /* Sources */,
				AD58B32123FE394F0065A95A /* Frameworks */,
				AD58B32223FE394F0065A95A /* Resources */,
			);
			buildRules = (
			);
			dependencies = (
			);
			name = MilosavljevicM_MockRemoteControl_2;
			productName = MilosavljevicM_MockRemoteControl_2;
			productReference = AD58B32423FE394F0065A95A /* MilosavljevicM_MockRemoteControl_2.app */;
			productType = "com.apple.product-type.application";
		};
		AD58B33923FE39520065A95A /* MilosavljevicM_MockRemoteControl_2Tests */ = {
			isa = PBXNativeTarget;
			buildConfigurationList = AD58B35123FE39520065A95A /* Build configuration list for PBXNativeTarget "MilosavljevicM_MockRemoteControl_2Tests" */;
			buildPhases = (
				AD58B33623FE39520065A95A /* Sources */,
				AD58B33723FE39520065A95A /* Frameworks */,
				AD58B33823FE39520065A95A /* Resources */,
			);
			buildRules = (
			);
			dependencies = (
				AD58B33C23FE39520065A95A /* PBXTargetDependency */,
			);
			name = MilosavljevicM_MockRemoteControl_2Tests;
			productName = MilosavljevicM_MockRemoteControl_2Tests;
			productReference = AD58B33A23FE39520065A95A /* MilosavljevicM_MockRemoteControl_2Tests.xctest */;
			productType = "com.apple.product-type.bundle.unit-test";
		};
		AD58B34423FE39520065A95A /* MilosavljevicM_MockRemoteControl_2UITests */ = {
			isa = PBXNativeTarget;
			buildConfigurationList = AD58B35423FE39520065A95A /* Build configuration list for PBXNativeTarget "MilosavljevicM_MockRemoteControl_2UITests" */;
			buildPhases = (
				AD58B34123FE39520065A95A /* Sources */,
				AD58B34223FE39520065A95A /* Frameworks */,
				AD58B34323FE39520065A95A /* Resources */,
			);
			buildRules = (
			);
			dependencies = (
				AD58B34723FE39520065A95A /* PBXTargetDependency */,
			);
			name = MilosavljevicM_MockRemoteControl_2UITests;
			productName = MilosavljevicM_MockRemoteControl_2UITests;
			productReference = AD58B34523FE39520065A95A /* MilosavljevicM_MockRemoteControl_2UITests.xctest */;
			productType = "com.apple.product-type.bundle.ui-testing";
		};
/* End PBXNativeTarget section */

/* Begin PBXProject section */
		AD58B31C23FE394F0065A95A /* Project object */ = {
			isa = PBXProject;
			attributes = {
				LastSwiftUpdateCheck = 1130;
				LastUpgradeCheck = 1130;
				ORGANIZATIONNAME = "Marko Milosavljevic";
				TargetAttributes = {
					AD58B32323FE394F0065A95A = {
						CreatedOnToolsVersion = 11.3.1;
					};
					AD58B33923FE39520065A95A = {
						CreatedOnToolsVersion = 11.3.1;
						TestTargetID = AD58B32323FE394F0065A95A;
					};
					AD58B34423FE39520065A95A = {
						CreatedOnToolsVersion = 11.3.1;
						TestTargetID = AD58B32323FE394F0065A95A;
					};
				};
			};
			buildConfigurationList = AD58B31F23FE394F0065A95A /* Build configuration list for PBXProject "MilosavljevicM_MockRemoteControl_2" */;
			compatibilityVersion = "Xcode 9.3";
			developmentRegion = en;
			hasScannedForEncodings = 0;
			knownRegions = (
				en,
				Base,
			);
			mainGroup = AD58B31B23FE394F0065A95A;
			productRefGroup = AD58B32523FE394F0065A95A /* Products */;
			projectDirPath = "";
			projectRoot = "";
			targets = (
				AD58B32323FE394F0065A95A /* MilosavljevicM_MockRemoteControl_2 */,
				AD58B33923FE39520065A95A /* MilosavljevicM_MockRemoteControl_2Tests */,
				AD58B34423FE39520065A95A /* MilosavljevicM_MockRemoteControl_2UITests */,
			);
		};
/* End PBXProject section */

/* Begin PBXResourcesBuildPhase section */
		AD58B32223FE394F0065A95A /* Resources */ = {
			isa = PBXResourcesBuildPhase;
			buildActionMask = 2147483647;
			files = (
				AD58B33423FE39510065A95A /* LaunchScreen.storyboard in Resources */,
				AD58B33123FE39510065A95A /* Assets.xcassets in Resources */,
				AD58B32F23FE394F0065A95A /* Main.storyboard in Resources */,
			);
			runOnlyForDeploymentPostprocessing = 0;
		};
		AD58B33823FE39520065A95A /* Resources */ = {
			isa = PBXResourcesBuildPhase;
			buildActionMask = 2147483647;
			files = (
			);
			runOnlyForDeploymentPostprocessing = 0;
		};
		AD58B34323FE39520065A95A /* Resources */ = {
			isa = PBXResourcesBuildPhase;
			buildActionMask = 2147483647;
			files = (
			);
			runOnlyForDeploymentPostprocessing = 0;
		};
/* End PBXResourcesBuildPhase section */

/* Begin PBXSourcesBuildPhase section */
		AD58B32023FE394F0065A95A /* Sources */ = {
			isa = PBXSourcesBuildPhase;
			buildActionMask = 2147483647;
			files = (
				AD58B32C23FE394F0065A95A /* ViewController.swift in Sources */,
				ADCB3E7D240213C400CE3BE8 /* DVRViewController.swift in Sources */,
				AD58B32823FE394F0065A95A /* AppDelegate.swift in Sources */,
				AD58B32A23FE394F0065A95A /* SceneDelegate.swift in Sources */,
			);
			runOnlyForDeploymentPostprocessing = 0;
		};
		AD58B33623FE39520065A95A /* Sources */ = {
			isa = PBXSourcesBuildPhase;
			buildActionMask = 2147483647;
			files = (
				AD58B33F23FE39520065A95A /* MilosavljevicM_MockRemoteControl_2Tests.swift in Sources */,
			);
			runOnlyForDeploymentPostprocessing = 0;
		};
		AD58B34123FE39520065A95A /* Sources */ = {
			isa = PBXSourcesBuildPhase;
			buildActionMask = 2147483647;
			files = (
				AD58B34A23FE39520065A95A /* MilosavljevicM_MockRemoteControl_2UITests.swift in Sources */,
			);
			runOnlyForDeploymentPostprocessing = 0;
		};
/* End PBXSourcesBuildPhase section */

/* Begin PBXTargetDependency section */
		AD58B33C23FE39520065A95A /* PBXTargetDependency */ = {
			isa = PBXTargetDependency;
			target = AD58B32323FE394F0065A95A /* MilosavljevicM_MockRemoteControl_2 */;
			targetProxy = AD58B33B23FE39520065A95A /* PBXContainerItemProxy */;
		};
		AD58B34723FE39520065A95A /* PBXTargetDependency */ = {
			isa = PBXTargetDependency;
			target = AD58B32323FE394F0065A95A /* MilosavljevicM_MockRemoteControl_2 */;
			targetProxy = AD58B34623FE39520065A95A /* PBXContainerItemProxy */;
		};
/* End PBXTargetDependency section */

/* Begin PBXVariantGroup section */
		AD58B32D23FE394F0065A95A /* Main.storyboard */ = {
			isa = PBXVariantGroup;
			children = (
				AD58B32E23FE394F0065A95A /* Base */,
			);
			name = Main.storyboard;
			sourceTree = "<group>";
		};
		AD58B33223FE39510065A95A /* LaunchScreen.storyboard */ = {
			isa = PBXVariantGroup;
			children = (
				AD58B33323FE39510065A95A /* Base */,
			);
			name = LaunchScreen.storyboard;
			sourceTree = "<group>";
		};
/* End PBXVariantGroup section */

/* Begin XCBuildConfiguration section */
		AD58B34C23FE39520065A95A /* Debug */ = {
			isa = XCBuildConfiguration;
			buildSettings = {
				ALWAYS_SEARCH_USER_PATHS = NO;
				CLANG_ANALYZER_NONNULL = YES;
				CLANG_ANALYZER_NUMBER_OBJECT_CONVERSION = YES_AGGRESSIVE;
				CLANG_CXX_LANGUAGE_STANDARD = "gnu++14";
				CLANG_CXX_LIBRARY = "libc++";
				CLANG_ENABLE_MODULES = YES;
				CLANG_ENABLE_OBJC_ARC = YES;
				CLANG_ENABLE_OBJC_WEAK = YES;
				CLANG_WARN_BLOCK_CAPTURE_AUTORELEASING = YES;
				CLANG_WARN_BOOL_CONVERSION = YES;
				CLANG_WARN_COMMA = YES;
				CLANG_WARN_CONSTANT_CONVERSION = YES;
				CLANG_WARN_DEPRECATED_OBJC_IMPLEMENTATIONS = YES;
				CLANG_WARN_DIRECT_OBJC_ISA_USAGE = YES_ERROR;
				CLANG_WARN_DOCUMENTATION_COMMENTS = YES;
				CLANG_WARN_EMPTY_BODY = YES;
				CLANG_WARN_ENUM_CONVERSION = YES;
				CLANG_WARN_INFINITE_RECURSION = YES;
				CLANG_WARN_INT_CONVERSION = YES;
				CLANG_WARN_NON_LITERAL_NULL_CONVERSION = YES;
				CLANG_WARN_OBJC_IMPLICIT_RETAIN_SELF = YES;
				CLANG_WARN_OBJC_LITERAL_CONVERSION = YES;
				CLANG_WARN_OBJC_ROOT_CLASS = YES_ERROR;
				CLANG_WARN_RANGE_LOOP_ANALYSIS = YES;
				CLANG_WARN_STRICT_PROTOTYPES = YES;
				CLANG_WARN_SUSPICIOUS_MOVE = YES;
				CLANG_WARN_UNGUARDED_AVAILABILITY = YES_AGGRESSIVE;
				CLANG_WARN_UNREACHABLE_CODE = YES;
				CLANG_WARN__DUPLICATE_METHOD_MATCH = YES;
				COPY_PHASE_STRIP = NO;
				DEBUG_INFORMATION_FORMAT = dwarf;
				ENABLE_STRICT_OBJC_MSGSEND = YES;
				ENABLE_TESTABILITY = YES;
				GCC_C_LANGUAGE_STANDARD = gnu11;
				GCC_DYNAMIC_NO_PIC = NO;
				GCC_NO_COMMON_BLOCKS = YES;
				GCC_OPTIMIZATION_LEVEL = 0;
				GCC_PREPROCESSOR_DEFINITIONS = (
					"DEBUG=1",
					"$(inherited)",
				);
				GCC_WARN_64_TO_32_BIT_CONVERSION = YES;
				GCC_WARN_ABOUT_RETURN_TYPE = YES_ERROR;
				GCC_WARN_UNDECLARED_SELECTOR = YES;
				GCC_WARN_UNINITIALIZED_AUTOS = YES_AGGRESSIVE;
				GCC_WARN_UNUSED_FUNCTION = YES;
				GCC_WARN_UNUSED_VARIABLE = YES;
				IPHONEOS_DEPLOYMENT_TARGET = 13.2;
				MTL_ENABLE_DEBUG_INFO = INCLUDE_SOURCE;
				MTL_FAST_MATH = YES;
				ONLY_ACTIVE_ARCH = YES;
				SDKROOT = iphoneos;
				SWIFT_ACTIVE_COMPILATION_CONDITIONS = DEBUG;
				SWIFT_OPTIMIZATION_LEVEL = "-Onone";
			};
			name = Debug;
		};
		AD58B34D23FE39520065A95A /* Release */ = {
			isa = XCBuildConfiguration;
			buildSettings = {
				ALWAYS_SEARCH_USER_PATHS = NO;
				CLANG_ANALYZER_NONNULL = YES;
				CLANG_ANALYZER_NUMBER_OBJECT_CONVERSION = YES_AGGRESSIVE;
				CLANG_CXX_LANGUAGE_STANDARD = "gnu++14";
				CLANG_CXX_LIBRARY = "libc++";
				CLANG_ENABLE_MODULES = YES;
				CLANG_ENABLE_OBJC_ARC = YES;
				CLANG_ENABLE_OBJC_WEAK = YES;
				CLANG_WARN_BLOCK_CAPTURE_AUTORELEASING = YES;
				CLANG_WARN_BOOL_CONVERSION = YES;
				CLANG_WARN_COMMA = YES;
				CLANG_WARN_CONSTANT_CONVERSION = YES;
				CLANG_WARN_DEPRECATED_OBJC_IMPLEMENTATIONS = YES;
				CLANG_WARN_DIRECT_OBJC_ISA_USAGE = YES_ERROR;
				CLANG_WARN_DOCUMENTATION_COMMENTS = YES;
				CLANG_WARN_EMPTY_BODY = YES;
				CLANG_WARN_ENUM_CONVERSION = YES;
				CLANG_WARN_INFINITE_RECURSION = YES;
				CLANG_WARN_INT_CONVERSION = YES;
				CLANG_WARN_NON_LITERAL_NULL_CONVERSION = YES;
				CLANG_WARN_OBJC_IMPLICIT_RETAIN_SELF = YES;
				CLANG_WARN_OBJC_LITERAL_CONVERSION = YES;
				CLANG_WARN_OBJC_ROOT_CLASS = YES_ERROR;
				CLANG_WARN_RANGE_LOOP_ANALYSIS = YES;
				CLANG_WARN_STRICT_PROTOTYPES = YES;
				CLANG_WARN_SUSPICIOUS_MOVE = YES;
				CLANG_WARN_UNGUARDED_AVAILABILITY = YES_AGGRESSIVE;
				CLANG_WARN_UNREACHABLE_CODE = YES;
				CLANG_WARN__DUPLICATE_METHOD_MATCH = YES;
				COPY_PHASE_STRIP = NO;
				DEBUG_INFORMATION_FORMAT = "dwarf-with-dsym";
				ENABLE_NS_ASSERTIONS = NO;
				ENABLE_STRICT_OBJC_MSGSEND = YES;
				GCC_C_LANGUAGE_STANDARD = gnu11;
				GCC_NO_COMMON_BLOCKS = YES;
				GCC_WARN_64_TO_32_BIT_CONVERSION = YES;
				GCC_WARN_ABOUT_RETURN_TYPE = YES_ERROR;
				GCC_WARN_UNDECLARED_SELECTOR = YES;
				GCC_WARN_UNINITIALIZED_AUTOS = YES_AGGRESSIVE;
				GCC_WARN_UNUSED_FUNCTION = YES;
				GCC_WARN_UNUSED_VARIABLE = YES;
				IPHONEOS_DEPLOYMENT_TARGET = 13.2;
				MTL_ENABLE_DEBUG_INFO = NO;
				MTL_FAST_MATH = YES;
				SDKROOT = iphoneos;
				SWIFT_COMPILATION_MODE = wholemodule;
				SWIFT_OPTIMIZATION_LEVEL = "-O";
				VALIDATE_PRODUCT = YES;
			};
			name = Release;
		};
		AD58B34F23FE39520065A95A /* Debug */ = {
			isa = XCBuildConfiguration;
			buildSettings = {
				ASSETCATALOG_COMPILER_APPICON_NAME = AppIcon;
				CODE_SIGN_STYLE = Automatic;
				INFOPLIST_FILE = MilosavljevicM_MockRemoteControl_2/Info.plist;
				LD_RUNPATH_SEARCH_PATHS = (
					"$(inherited)",
					"@executable_path/Frameworks",
				);
				PRODUCT_BUNDLE_IDENTIFIER = "DePaulUniversity.MilosavljevicM-MockRemoteControl-2";
				PRODUCT_NAME = "$(TARGET_NAME)";
				SWIFT_VERSION = 5.0;
				TARGETED_DEVICE_FAMILY = 1;
			};
			name = Debug;
		};
		AD58B35023FE39520065A95A /* Release */ = {
			isa = XCBuildConfiguration;
			buildSettings = {
				ASSETCATALOG_COMPILER_APPICON_NAME = AppIcon;
				CODE_SIGN_STYLE = Automatic;
				INFOPLIST_FILE = MilosavljevicM_MockRemoteControl_2/Info.plist;
				LD_RUNPATH_SEARCH_PATHS = (
					"$(inherited)",
					"@executable_path/Frameworks",
				);
				PRODUCT_BUNDLE_IDENTIFIER = "DePaulUniversity.MilosavljevicM-MockRemoteControl-2";
				PRODUCT_NAME = "$(TARGET_NAME)";
				SWIFT_VERSION = 5.0;
				TARGETED_DEVICE_FAMILY = 1;
			};
			name = Release;
		};
		AD58B35223FE39520065A95A /* Debug */ = {
			isa = XCBuildConfiguration;
			buildSettings = {
				ALWAYS_EMBED_SWIFT_STANDARD_LIBRARIES = YES;
				BUNDLE_LOADER = "$(TEST_HOST)";
				CODE_SIGN_STYLE = Automatic;
				INFOPLIST_FILE = MilosavljevicM_MockRemoteControl_2Tests/Info.plist;
				IPHONEOS_DEPLOYMENT_TARGET = 13.2;
				LD_RUNPATH_SEARCH_PATHS = (
					"$(inherited)",
					"@executable_path/Frameworks",
					"@loader_path/Frameworks",
				);
				PRODUCT_BUNDLE_IDENTIFIER = "DePaulUniversity.MilosavljevicM-MockRemoteControl-2Tests";
				PRODUCT_NAME = "$(TARGET_NAME)";
				SWIFT_VERSION = 5.0;
				TARGETED_DEVICE_FAMILY = "1,2";
				TEST_HOST = "$(BUILT_PRODUCTS_DIR)/MilosavljevicM_MockRemoteControl_2.app/MilosavljevicM_MockRemoteControl_2";
			};
			name = Debug;
		};
		AD58B35323FE39520065A95A /* Release */ = {
			isa = XCBuildConfiguration;
			buildSettings = {
				ALWAYS_EMBED_SWIFT_STANDARD_LIBRARIES = YES;
				BUNDLE_LOADER = "$(TEST_HOST)";
				CODE_SIGN_STYLE = Automatic;
				INFOPLIST_FILE = MilosavljevicM_MockRemoteControl_2Tests/Info.plist;
				IPHONEOS_DEPLOYMENT_TARGET = 13.2;
				LD_RUNPATH_SEARCH_PATHS = (
					"$(inherited)",
					"@executable_path/Frameworks",
					"@loader_path/Frameworks",
				);
				PRODUCT_BUNDLE_IDENTIFIER = "DePaulUniversity.MilosavljevicM-MockRemoteControl-2Tests";
				PRODUCT_NAME = "$(TARGET_NAME)";
				SWIFT_VERSION = 5.0;
				TARGETED_DEVICE_FAMILY = "1,2";
				TEST_HOST = "$(BUILT_PRODUCTS_DIR)/MilosavljevicM_MockRemoteControl_2.app/MilosavljevicM_MockRemoteControl_2";
			};
			name = Release;
		};
		AD58B35523FE39520065A95A /* Debug */ = {
			isa = XCBuildConfiguration;
			buildSettings = {
				ALWAYS_EMBED_SWIFT_STANDARD_LIBRARIES = YES;
				CODE_SIGN_STYLE = Automatic;
				INFOPLIST_FILE = MilosavljevicM_MockRemoteControl_2UITests/Info.plist;
				LD_RUNPATH_SEARCH_PATHS = (
					"$(inherited)",
					"@executable_path/Frameworks",
					"@loader_path/Frameworks",
				);
				PRODUCT_BUNDLE_IDENTIFIER = "DePaulUniversity.MilosavljevicM-MockRemoteControl-2UITests";
				PRODUCT_NAME = "$(TARGET_NAME)";
				SWIFT_VERSION = 5.0;
				TARGETED_DEVICE_FAMILY = "1,2";
				TEST_TARGET_NAME = MilosavljevicM_MockRemoteControl_2;
			};
			name = Debug;
		};
		AD58B35623FE39520065A95A /* Release */ = {
			isa = XCBuildConfiguration;
			buildSettings = {
				ALWAYS_EMBED_SWIFT_STANDARD_LIBRARIES = YES;
				CODE_SIGN_STYLE = Automatic;
				INFOPLIST_FILE = MilosavljevicM_MockRemoteControl_2UITests/Info.plist;
				LD_RUNPATH_SEARCH_PATHS = (
					"$(inherited)",
					"@executable_path/Frameworks",
					"@loader_path/Frameworks",
				);
				PRODUCT_BUNDLE_IDENTIFIER = "DePaulUniversity.MilosavljevicM-MockRemoteControl-2UITests";
				PRODUCT_NAME = "$(TARGET_NAME)";
				SWIFT_VERSION = 5.0;
				TARGETED_DEVICE_FAMILY = "1,2";
				TEST_TARGET_NAME = MilosavljevicM_MockRemoteControl_2;
			};
			name = Release;
		};
/* End XCBuildConfiguration section */

/* Begin XCConfigurationList section */
		AD58B31F23FE394F0065A95A /* Build configuration list for PBXProject "MilosavljevicM_MockRemoteControl_2" */ = {
			isa = XCConfigurationList;
			buildConfigurations = (
				AD58B34C23FE39520065A95A /* Debug */,
				AD58B34D23FE39520065A95A /* Release */,
			);
			defaultConfigurationIsVisible = 0;
			defaultConfigurationName = Release;
		};
		AD58B34E23FE39520065A95A /* Build configuration list for PBXNativeTarget "MilosavljevicM_MockRemoteControl_2" */ = {
			isa = XCConfigurationList;
			buildConfigurations = (
				AD58B34F23FE39520065A95A /* Debug */,
				AD58B35023FE39520065A95A /* Release */,
			);
			defaultConfigurationIsVisible = 0;
			defaultConfigurationName = Release;
		};
		AD58B35123FE39520065A95A /* Build configuration list for PBXNativeTarget "MilosavljevicM_MockRemoteControl_2Tests" */ = {
			isa = XCConfigurationList;
			buildConfigurations = (
				AD58B35223FE39520065A95A /* Debug */,
				AD58B35323FE39520065A95A /* Release */,
			);
			defaultConfigurationIsVisible = 0;
			defaultConfigurationName = Release;
		};
		AD58B35423FE39520065A95A /* Build configuration list for PBXNativeTarget "MilosavljevicM_MockRemoteControl_2UITests" */ = {
			isa = XCConfigurationList;
			buildConfigurations = (
				AD58B35523FE39520065A95A /* Debug */,
				AD58B35623FE39520065A95A /* Release */,
			);
			defaultConfigurationIsVisible = 0;
			defaultConfigurationName = Release;
		};
/* End XCConfigurationList section */
	};
	rootObject = AD58B31C23FE394F0065A95A /* Project object */;
}
