// !$*UTF8*$!
{
	archiveVersion = 1;
	classes = {
	};
	objectVersion = 50;
	objects = {

/* Begin PBXBuildFile section */
		AD1875B22414B93C00B0CD75 /* AppDelegate.swift in Sources */ = {isa = PBXBuildFile; fileRef = AD1875B12414B93C00B0CD75 /* AppDelegate.swift */; };
		AD1875B42414B93C00B0CD75 /* SceneDelegate.swift in Sources */ = {isa = PBXBuildFile; fileRef = AD1875B32414B93C00B0CD75 /* SceneDelegate.swift */; };
		AD1875B62414B93C00B0CD75 /* DetailViewController.swift in Sources */ = {isa = PBXBuildFile; fileRef = AD1875B52414B93C00B0CD75 /* DetailViewController.swift */; };
		AD1875B92414B93C00B0CD75 /* Main.storyboard in Resources */ = {isa = PBXBuildFile; fileRef = AD1875B72414B93C00B0CD75 /* Main.storyboard */; };
		AD1875BB2414B93E00B0CD75 /* Assets.xcassets in Resources */ = {isa = PBXBuildFile; fileRef = AD1875BA2414B93E00B0CD75 /* Assets.xcassets */; };
		AD1875BE2414B93E00B0CD75 /* LaunchScreen.storyboard in Resources */ = {isa = PBXBuildFile; fileRef = AD1875BC2414B93E00B0CD75 /* LaunchScreen.storyboard */; };
		AD1875C92414B93F00B0CD75 /* MilosavljevicM_ATableViewAppTests.swift in Sources */ = {isa = PBXBuildFile; fileRef = AD1875C82414B93F00B0CD75 /* MilosavljevicM_ATableViewAppTests.swift */; };
		AD1875D42414B93F00B0CD75 /* MilosavljevicM_ATableViewAppUITests.swift in Sources */ = {isa = PBXBuildFile; fileRef = AD1875D32414B93F00B0CD75 /* MilosavljevicM_ATableViewAppUITests.swift */; };
		AD1875E22414BCEA00B0CD75 /* USStates.swift in Sources */ = {isa = PBXBuildFile; fileRef = AD1875E12414BCEA00B0CD75 /* USStates.swift */; };
		AD18896E2415CA1500896A8D /* StatesTableViewController.swift in Sources */ = {isa = PBXBuildFile; fileRef = AD18896D2415CA1500896A8D /* StatesTableViewController.swift */; };
/* End PBXBuildFile section */

/* Begin PBXContainerItemProxy section */
		AD1875C52414B93F00B0CD75 /* PBXContainerItemProxy */ = {
			isa = PBXContainerItemProxy;
			containerPortal = AD1875A62414B93C00B0CD75 /* Project object */;
			proxyType = 1;
			remoteGlobalIDString = AD1875AD2414B93C00B0CD75;
			remoteInfo = MilosavljevicM_ATableViewApp;
		};
		AD1875D02414B93F00B0CD75 /* PBXContainerItemProxy */ = {
			isa = PBXContainerItemProxy;
			containerPortal = AD1875A62414B93C00B0CD75 /* Project object */;
			proxyType = 1;
			remoteGlobalIDString = AD1875AD2414B93C00B0CD75;
			remoteInfo = MilosavljevicM_ATableViewApp;
		};
/* End PBXContainerItemProxy section */

/* Begin PBXFileReference section */
		AD1875AE2414B93C00B0CD75 /* MilosavljevicM_ATableViewApp.app */ = {isa = PBXFileReference; explicitFileType = wrapper.application; includeInIndex = 0; path = MilosavljevicM_ATableViewApp.app; sourceTree = BUILT_PRODUCTS_DIR; };
		AD1875B12414B93C00B0CD75 /* AppDelegate.swift */ = {isa = PBXFileReference; lastKnownFileType = sourcecode.swift; path = AppDelegate.swift; sourceTree = "<group>"; };
		AD1875B32414B93C00B0CD75 /* SceneDelegate.swift */ = {isa = PBXFileReference; lastKnownFileType = sourcecode.swift; path = SceneDelegate.swift; sourceTree = "<group>"; };
		AD1875B52414B93C00B0CD75 /* DetailViewController.swift */ = {isa = PBXFileReference; lastKnownFileType = sourcecode.swift; path = DetailViewController.swift; sourceTree = "<group>"; };
		AD1875B82414B93C00B0CD75 /* Base */ = {isa = PBXFileReference; lastKnownFileType = file.storyboard; name = Base; path = Base.lproj/Main.storyboard; sourceTree = "<group>"; };
		AD1875BA2414B93E00B0CD75 /* Assets.xcassets */ = {isa = PBXFileReference; lastKnownFileType = folder.assetcatalog; path = Assets.xcassets; sourceTree = "<group>"; };
		AD1875BD2414B93E00B0CD75 /* Base */ = {isa = PBXFileReference; lastKnownFileType = file.storyboard; name = Base; path = Base.lproj/LaunchScreen.storyboard; sourceTree = "<group>"; };
		AD1875BF2414B93E00B0CD75 /* Info.plist */ = {isa = PBXFileReference; lastKnownFileType = text.plist.xml; path = Info.plist; sourceTree = "<group>"; };
		AD1875C42414B93F00B0CD75 /* MilosavljevicM_ATableViewAppTests.xctest */ = {isa = PBXFileReference; explicitFileType = wrapper.cfbundle; includeInIndex = 0; path = MilosavljevicM_ATableViewAppTests.xctest; sourceTree = BUILT_PRODUCTS_DIR; };
		AD1875C82414B93F00B0CD75 /* MilosavljevicM_ATableViewAppTests.swift */ = {isa = PBXFileReference; lastKnownFileType = sourcecode.swift; path = MilosavljevicM_ATableViewAppTests.swift; sourceTree = "<group>"; };
		AD1875CA2414B93F00B0CD75 /* Info.plist */ = {isa = PBXFileReference; lastKnownFileType = text.plist.xml; path = Info.plist; sourceTree = "<group>"; };
		AD1875CF2414B93F00B0CD75 /* MilosavljevicM_ATableViewAppUITests.xctest */ = {isa = PBXFileReference; explicitFileType = wrapper.cfbundle; includeInIndex = 0; path = MilosavljevicM_ATableViewAppUITests.xctest; sourceTree = BUILT_PRODUCTS_DIR; };
		AD1875D32414B93F00B0CD75 /* MilosavljevicM_ATableViewAppUITests.swift */ = {isa = PBXFileReference; lastKnownFileType = sourcecode.swift; path = MilosavljevicM_ATableViewAppUITests.swift; sourceTree = "<group>"; };
		AD1875D52414B93F00B0CD75 /* Info.plist */ = {isa = PBXFileReference; lastKnownFileType = text.plist.xml; path = Info.plist; sourceTree = "<group>"; };
		AD1875E12414BCEA00B0CD75 /* USStates.swift */ = {isa = PBXFileReference; lastKnownFileType = sourcecode.swift; path = USStates.swift; sourceTree = "<group>"; };
		AD18896D2415CA1500896A8D /* StatesTableViewController.swift */ = {isa = PBXFileReference; lastKnownFileType = sourcecode.swift; path = StatesTableViewController.swift; sourceTree = "<group>"; };
/* End PBXFileReference section */

/* Begin PBXFrameworksBuildPhase section */
		AD1875AB2414B93C00B0CD75 /* Frameworks */ = {
			isa = PBXFrameworksBuildPhase;
			buildActionMask = 2147483647;
			files = (
			);
			runOnlyForDeploymentPostprocessing = 0;
		};
		AD1875C12414B93F00B0CD75 /* Frameworks */ = {
			isa = PBXFrameworksBuildPhase;
			buildActionMask = 2147483647;
			files = (
			);
			runOnlyForDeploymentPostprocessing = 0;
		};
		AD1875CC2414B93F00B0CD75 /* Frameworks */ = {
			isa = PBXFrameworksBuildPhase;
			buildActionMask = 2147483647;
			files = (
			);
			runOnlyForDeploymentPostprocessing = 0;
		};
/* End PBXFrameworksBuildPhase section */

/* Begin PBXGroup section */
		AD1875A52414B93C00B0CD75 = {
			isa = PBXGroup;
			children = (
				AD1875B02414B93C00B0CD75 /* MilosavljevicM_ATableViewApp */,
				AD1875C72414B93F00B0CD75 /* MilosavljevicM_ATableViewAppTests */,
				AD1875D22414B93F00B0CD75 /* MilosavljevicM_ATableViewAppUITests */,
				AD1875AF2414B93C00B0CD75 /* Products */,
			);
			sourceTree = "<group>";
		};
		AD1875AF2414B93C00B0CD75 /* Products */ = {
			isa = PBXGroup;
			children = (
				AD1875AE2414B93C00B0CD75 /* MilosavljevicM_ATableViewApp.app */,
				AD1875C42414B93F00B0CD75 /* MilosavljevicM_ATableViewAppTests.xctest */,
				AD1875CF2414B93F00B0CD75 /* MilosavljevicM_ATableViewAppUITests.xctest */,
			);
			name = Products;
			sourceTree = "<group>";
		};
		AD1875B02414B93C00B0CD75 /* MilosavljevicM_ATableViewApp */ = {
			isa = PBXGroup;
			children = (
				AD1875B12414B93C00B0CD75 /* AppDelegate.swift */,
				AD1875B32414B93C00B0CD75 /* SceneDelegate.swift */,
				AD1875B52414B93C00B0CD75 /* DetailViewController.swift */,
				AD18896D2415CA1500896A8D /* StatesTableViewController.swift */,
				AD1875E12414BCEA00B0CD75 /* USStates.swift */,
				AD1875B72414B93C00B0CD75 /* Main.storyboard */,
				AD1875BA2414B93E00B0CD75 /* Assets.xcassets */,
				AD1875BC2414B93E00B0CD75 /* LaunchScreen.storyboard */,
				AD1875BF2414B93E00B0CD75 /* Info.plist */,
			);
			path = MilosavljevicM_ATableViewApp;
			sourceTree = "<group>";
		};
		AD1875C72414B93F00B0CD75 /* MilosavljevicM_ATableViewAppTests */ = {
			isa = PBXGroup;
			children = (
				AD1875C82414B93F00B0CD75 /* MilosavljevicM_ATableViewAppTests.swift */,
				AD1875CA2414B93F00B0CD75 /* Info.plist */,
			);
			path = MilosavljevicM_ATableViewAppTests;
			sourceTree = "<group>";
		};
		AD1875D22414B93F00B0CD75 /* MilosavljevicM_ATableViewAppUITests */ = {
			isa = PBXGroup;
			children = (
				AD1875D32414B93F00B0CD75 /* MilosavljevicM_ATableViewAppUITests.swift */,
				AD1875D52414B93F00B0CD75 /* Info.plist */,
			);
			path = MilosavljevicM_ATableViewAppUITests;
			sourceTree = "<group>";
		};
/* End PBXGroup section */

/* Begin PBXNativeTarget section */
		AD1875AD2414B93C00B0CD75 /* MilosavljevicM_ATableViewApp */ = {
			isa = PBXNativeTarget;
			buildConfigurationList = AD1875D82414B93F00B0CD75 /* Build configuration list for PBXNativeTarget "MilosavljevicM_ATableViewApp" */;
			buildPhases = (
				AD1875AA2414B93C00B0CD75 /* Sources */,
				AD1875AB2414B93C00B0CD75 /* Frameworks */,
				AD1875AC2414B93C00B0CD75 /* Resources */,
			);
			buildRules = (
			);
			dependencies = (
			);
			name = MilosavljevicM_ATableViewApp;
			productName = MilosavljevicM_ATableViewApp;
			productReference = AD1875AE2414B93C00B0CD75 /* MilosavljevicM_ATableViewApp.app */;
			productType = "com.apple.product-type.application";
		};
		AD1875C32414B93F00B0CD75 /* MilosavljevicM_ATableViewAppTests */ = {
			isa = PBXNativeTarget;
			buildConfigurationList = AD1875DB2414B93F00B0CD75 /* Build configuration list for PBXNativeTarget "MilosavljevicM_ATableViewAppTests" */;
			buildPhases = (
				AD1875C02414B93F00B0CD75 /* Sources */,
				AD1875C12414B93F00B0CD75 /* Frameworks */,
				AD1875C22414B93F00B0CD75 /* Resources */,
			);
			buildRules = (
			);
			dependencies = (
				AD1875C62414B93F00B0CD75 /* PBXTargetDependency */,
			);
			name = MilosavljevicM_ATableViewAppTests;
			productName = MilosavljevicM_ATableViewAppTests;
			productReference = AD1875C42414B93F00B0CD75 /* MilosavljevicM_ATableViewAppTests.xctest */;
			productType = "com.apple.product-type.bundle.unit-test";
		};
		AD1875CE2414B93F00B0CD75 /* MilosavljevicM_ATableViewAppUITests */ = {
			isa = PBXNativeTarget;
			buildConfigurationList = AD1875DE2414B93F00B0CD75 /* Build configuration list for PBXNativeTarget "MilosavljevicM_ATableViewAppUITests" */;
			buildPhases = (
				AD1875CB2414B93F00B0CD75 /* Sources */,
				AD1875CC2414B93F00B0CD75 /* Frameworks */,
				AD1875CD2414B93F00B0CD75 /* Resources */,
			);
			buildRules = (
			);
			dependencies = (
				AD1875D12414B93F00B0CD75 /* PBXTargetDependency */,
			);
			name = MilosavljevicM_ATableViewAppUITests;
			productName = MilosavljevicM_ATableViewAppUITests;
			productReference = AD1875CF2414B93F00B0CD75 /* MilosavljevicM_ATableViewAppUITests.xctest */;
			productType = "com.apple.product-type.bundle.ui-testing";
		};
/* End PBXNativeTarget section */

/* Begin PBXProject section */
		AD1875A62414B93C00B0CD75 /* Project object */ = {
			isa = PBXProject;
			attributes = {
				LastSwiftUpdateCheck = 1130;
				LastUpgradeCheck = 1130;
				ORGANIZATIONNAME = "Marko Milosavljevic";
				TargetAttributes = {
					AD1875AD2414B93C00B0CD75 = {
						CreatedOnToolsVersion = 11.3.1;
					};
					AD1875C32414B93F00B0CD75 = {
						CreatedOnToolsVersion = 11.3.1;
						TestTargetID = AD1875AD2414B93C00B0CD75;
					};
					AD1875CE2414B93F00B0CD75 = {
						CreatedOnToolsVersion = 11.3.1;
						TestTargetID = AD1875AD2414B93C00B0CD75;
					};
				};
			};
			buildConfigurationList = AD1875A92414B93C00B0CD75 /* Build configuration list for PBXProject "MilosavljevicM_ATableViewApp" */;
			compatibilityVersion = "Xcode 9.3";
			developmentRegion = en;
			hasScannedForEncodings = 0;
			knownRegions = (
				en,
				Base,
			);
			mainGroup = AD1875A52414B93C00B0CD75;
			productRefGroup = AD1875AF2414B93C00B0CD75 /* Products */;
			projectDirPath = "";
			projectRoot = "";
			targets = (
				AD1875AD2414B93C00B0CD75 /* MilosavljevicM_ATableViewApp */,
				AD1875C32414B93F00B0CD75 /* MilosavljevicM_ATableViewAppTests */,
				AD1875CE2414B93F00B0CD75 /* MilosavljevicM_ATableViewAppUITests */,
			);
		};
/* End PBXProject section */

/* Begin PBXResourcesBuildPhase section */
		AD1875AC2414B93C00B0CD75 /* Resources */ = {
			isa = PBXResourcesBuildPhase;
			buildActionMask = 2147483647;
			files = (
				AD1875BE2414B93E00B0CD75 /* LaunchScreen.storyboard in Resources */,
				AD1875BB2414B93E00B0CD75 /* Assets.xcassets in Resources */,
				AD1875B92414B93C00B0CD75 /* Main.storyboard in Resources */,
			);
			runOnlyForDeploymentPostprocessing = 0;
		};
		AD1875C22414B93F00B0CD75 /* Resources */ = {
			isa = PBXResourcesBuildPhase;
			buildActionMask = 2147483647;
			files = (
			);
			runOnlyForDeploymentPostprocessing = 0;
		};
		AD1875CD2414B93F00B0CD75 /* Resources */ = {
			isa = PBXResourcesBuildPhase;
			buildActionMask = 2147483647;
			files = (
			);
			runOnlyForDeploymentPostprocessing = 0;
		};
/* End PBXResourcesBuildPhase section */

/* Begin PBXSourcesBuildPhase section */
		AD1875AA2414B93C00B0CD75 /* Sources */ = {
			isa = PBXSourcesBuildPhase;
			buildActionMask = 2147483647;
			files = (
				AD1875B62414B93C00B0CD75 /* DetailViewController.swift in Sources */,
				AD1875E22414BCEA00B0CD75 /* USStates.swift in Sources */,
				AD1875B22414B93C00B0CD75 /* AppDelegate.swift in Sources */,
				AD1875B42414B93C00B0CD75 /* SceneDelegate.swift in Sources */,
				AD18896E2415CA1500896A8D /* StatesTableViewController.swift in Sources */,
			);
			runOnlyForDeploymentPostprocessing = 0;
		};
		AD1875C02414B93F00B0CD75 /* Sources */ = {
			isa = PBXSourcesBuildPhase;
			buildActionMask = 2147483647;
			files = (
				AD1875C92414B93F00B0CD75 /* MilosavljevicM_ATableViewAppTests.swift in Sources */,
			);
			runOnlyForDeploymentPostprocessing = 0;
		};
		AD1875CB2414B93F00B0CD75 /* Sources */ = {
			isa = PBXSourcesBuildPhase;
			buildActionMask = 2147483647;
			files = (
				AD1875D42414B93F00B0CD75 /* MilosavljevicM_ATableViewAppUITests.swift in Sources */,
			);
			runOnlyForDeploymentPostprocessing = 0;
		};
/* End PBXSourcesBuildPhase section */

/* Begin PBXTargetDependency section */
		AD1875C62414B93F00B0CD75 /* PBXTargetDependency */ = {
			isa = PBXTargetDependency;
			target = AD1875AD2414B93C00B0CD75 /* MilosavljevicM_ATableViewApp */;
			targetProxy = AD1875C52414B93F00B0CD75 /* PBXContainerItemProxy */;
		};
		AD1875D12414B93F00B0CD75 /* PBXTargetDependency */ = {
			isa = PBXTargetDependency;
			target = AD1875AD2414B93C00B0CD75 /* MilosavljevicM_ATableViewApp */;
			targetProxy = AD1875D02414B93F00B0CD75 /* PBXContainerItemProxy */;
		};
/* End PBXTargetDependency section */

/* Begin PBXVariantGroup section */
		AD1875B72414B93C00B0CD75 /* Main.storyboard */ = {
			isa = PBXVariantGroup;
			children = (
				AD1875B82414B93C00B0CD75 /* Base */,
			);
			name = Main.storyboard;
			sourceTree = "<group>";
		};
		AD1875BC2414B93E00B0CD75 /* LaunchScreen.storyboard */ = {
			isa = PBXVariantGroup;
			children = (
				AD1875BD2414B93E00B0CD75 /* Base */,
			);
			name = LaunchScreen.storyboard;
			sourceTree = "<group>";
		};
/* End PBXVariantGroup section */

/* Begin XCBuildConfiguration section */
		AD1875D62414B93F00B0CD75 /* Debug */ = {
			isa = XCBuildConfiguration;
			buildSettings = {
				ALWAYS_SEARCH_USER_PATHS = NO;
				CLANG_ANALYZER_NONNULL = YES;
				CLANG_ANALYZER_NUMBER_OBJECT_CONVERSION = YES_AGGRESSIVE;
				CLANG_CXX_LANGUAGE_STANDARD = "gnu++14";
				CLANG_CXX_LIBRARY = "libc++";
				CLANG_ENABLE_MODULES = YES;
				CLANG_ENABLE_OBJC_ARC = YES;
				CLANG_ENABLE_OBJC_WEAK = YES;
				CLANG_WARN_BLOCK_CAPTURE_AUTORELEASING = YES;
				CLANG_WARN_BOOL_CONVERSION = YES;
				CLANG_WARN_COMMA = YES;
				CLANG_WARN_CONSTANT_CONVERSION = YES;
				CLANG_WARN_DEPRECATED_OBJC_IMPLEMENTATIONS = YES;
				CLANG_WARN_DIRECT_OBJC_ISA_USAGE = YES_ERROR;
				CLANG_WARN_DOCUMENTATION_COMMENTS = YES;
				CLANG_WARN_EMPTY_BODY = YES;
				CLANG_WARN_ENUM_CONVERSION = YES;
				CLANG_WARN_INFINITE_RECURSION = YES;
				CLANG_WARN_INT_CONVERSION = YES;
				CLANG_WARN_NON_LITERAL_NULL_CONVERSION = YES;
				CLANG_WARN_OBJC_IMPLICIT_RETAIN_SELF = YES;
				CLANG_WARN_OBJC_LITERAL_CONVERSION = YES;
				CLANG_WARN_OBJC_ROOT_CLASS = YES_ERROR;
				CLANG_WARN_RANGE_LOOP_ANALYSIS = YES;
				CLANG_WARN_STRICT_PROTOTYPES = YES;
				CLANG_WARN_SUSPICIOUS_MOVE = YES;
				CLANG_WARN_UNGUARDED_AVAILABILITY = YES_AGGRESSIVE;
				CLANG_WARN_UNREACHABLE_CODE = YES;
				CLANG_WARN__DUPLICATE_METHOD_MATCH = YES;
				COPY_PHASE_STRIP = NO;
				DEBUG_INFORMATION_FORMAT = dwarf;
				ENABLE_STRICT_OBJC_MSGSEND = YES;
				ENABLE_TESTABILITY = YES;
				GCC_C_LANGUAGE_STANDARD = gnu11;
				GCC_DYNAMIC_NO_PIC = NO;
				GCC_NO_COMMON_BLOCKS = YES;
				GCC_OPTIMIZATION_LEVEL = 0;
				GCC_PREPROCESSOR_DEFINITIONS = (
					"DEBUG=1",
					"$(inherited)",
				);
				GCC_WARN_64_TO_32_BIT_CONVERSION = YES;
				GCC_WARN_ABOUT_RETURN_TYPE = YES_ERROR;
				GCC_WARN_UNDECLARED_SELECTOR = YES;
				GCC_WARN_UNINITIALIZED_AUTOS = YES_AGGRESSIVE;
				GCC_WARN_UNUSED_FUNCTION = YES;
				GCC_WARN_UNUSED_VARIABLE = YES;
				IPHONEOS_DEPLOYMENT_TARGET = 13.2;
				MTL_ENABLE_DEBUG_INFO = INCLUDE_SOURCE;
				MTL_FAST_MATH = YES;
				ONLY_ACTIVE_ARCH = YES;
				SDKROOT = iphoneos;
				SWIFT_ACTIVE_COMPILATION_CONDITIONS = DEBUG;
				SWIFT_OPTIMIZATION_LEVEL = "-Onone";
			};
			name = Debug;
		};
		AD1875D72414B93F00B0CD75 /* Release */ = {
			isa = XCBuildConfiguration;
			buildSettings = {
				ALWAYS_SEARCH_USER_PATHS = NO;
				CLANG_ANALYZER_NONNULL = YES;
				CLANG_ANALYZER_NUMBER_OBJECT_CONVERSION = YES_AGGRESSIVE;
				CLANG_CXX_LANGUAGE_STANDARD = "gnu++14";
				CLANG_CXX_LIBRARY = "libc++";
				CLANG_ENABLE_MODULES = YES;
				CLANG_ENABLE_OBJC_ARC = YES;
				CLANG_ENABLE_OBJC_WEAK = YES;
				CLANG_WARN_BLOCK_CAPTURE_AUTORELEASING = YES;
				CLANG_WARN_BOOL_CONVERSION = YES;
				CLANG_WARN_COMMA = YES;
				CLANG_WARN_CONSTANT_CONVERSION = YES;
				CLANG_WARN_DEPRECATED_OBJC_IMPLEMENTATIONS = YES;
				CLANG_WARN_DIRECT_OBJC_ISA_USAGE = YES_ERROR;
				CLANG_WARN_DOCUMENTATION_COMMENTS = YES;
				CLANG_WARN_EMPTY_BODY = YES;
				CLANG_WARN_ENUM_CONVERSION = YES;
				CLANG_WARN_INFINITE_RECURSION = YES;
				CLANG_WARN_INT_CONVERSION = YES;
				CLANG_WARN_NON_LITERAL_NULL_CONVERSION = YES;
				CLANG_WARN_OBJC_IMPLICIT_RETAIN_SELF = YES;
				CLANG_WARN_OBJC_LITERAL_CONVERSION = YES;
				CLANG_WARN_OBJC_ROOT_CLASS = YES_ERROR;
				CLANG_WARN_RANGE_LOOP_ANALYSIS = YES;
				CLANG_WARN_STRICT_PROTOTYPES = YES;
				CLANG_WARN_SUSPICIOUS_MOVE = YES;
				CLANG_WARN_UNGUARDED_AVAILABILITY = YES_AGGRESSIVE;
				CLANG_WARN_UNREACHABLE_CODE = YES;
				CLANG_WARN__DUPLICATE_METHOD_MATCH = YES;
				COPY_PHASE_STRIP = NO;
				DEBUG_INFORMATION_FORMAT = "dwarf-with-dsym";
				ENABLE_NS_ASSERTIONS = NO;
				ENABLE_STRICT_OBJC_MSGSEND = YES;
				GCC_C_LANGUAGE_STANDARD = gnu11;
				GCC_NO_COMMON_BLOCKS = YES;
				GCC_WARN_64_TO_32_BIT_CONVERSION = YES;
				GCC_WARN_ABOUT_RETURN_TYPE = YES_ERROR;
				GCC_WARN_UNDECLARED_SELECTOR = YES;
				GCC_WARN_UNINITIALIZED_AUTOS = YES_AGGRESSIVE;
				GCC_WARN_UNUSED_FUNCTION = YES;
				GCC_WARN_UNUSED_VARIABLE = YES;
				IPHONEOS_DEPLOYMENT_TARGET = 13.2;
				MTL_ENABLE_DEBUG_INFO = NO;
				MTL_FAST_MATH = YES;
				SDKROOT = iphoneos;
				SWIFT_COMPILATION_MODE = wholemodule;
				SWIFT_OPTIMIZATION_LEVEL = "-O";
				VALIDATE_PRODUCT = YES;
			};
			name = Release;
		};
		AD1875D92414B93F00B0CD75 /* Debug */ = {
			isa = XCBuildConfiguration;
			buildSettings = {
				ASSETCATALOG_COMPILER_APPICON_NAME = AppIcon;
				CODE_SIGN_STYLE = Automatic;
				INFOPLIST_FILE = MilosavljevicM_ATableViewApp/Info.plist;
				LD_RUNPATH_SEARCH_PATHS = (
					"$(inherited)",
					"@executable_path/Frameworks",
				);
				PRODUCT_BUNDLE_IDENTIFIER = "DePaulUniversity.MilosavljevicM-ATableViewApp";
				PRODUCT_NAME = "$(TARGET_NAME)";
				SWIFT_VERSION = 5.0;
				TARGETED_DEVICE_FAMILY = 1;
			};
			name = Debug;
		};
		AD1875DA2414B93F00B0CD75 /* Release */ = {
			isa = XCBuildConfiguration;
			buildSettings = {
				ASSETCATALOG_COMPILER_APPICON_NAME = AppIcon;
				CODE_SIGN_STYLE = Automatic;
				INFOPLIST_FILE = MilosavljevicM_ATableViewApp/Info.plist;
				LD_RUNPATH_SEARCH_PATHS = (
					"$(inherited)",
					"@executable_path/Frameworks",
				);
				PRODUCT_BUNDLE_IDENTIFIER = "DePaulUniversity.MilosavljevicM-ATableViewApp";
				PRODUCT_NAME = "$(TARGET_NAME)";
				SWIFT_VERSION = 5.0;
				TARGETED_DEVICE_FAMILY = 1;
			};
			name = Release;
		};
		AD1875DC2414B93F00B0CD75 /* Debug */ = {
			isa = XCBuildConfiguration;
			buildSettings = {
				ALWAYS_EMBED_SWIFT_STANDARD_LIBRARIES = YES;
				BUNDLE_LOADER = "$(TEST_HOST)";
				CODE_SIGN_STYLE = Automatic;
				INFOPLIST_FILE = MilosavljevicM_ATableViewAppTests/Info.plist;
				IPHONEOS_DEPLOYMENT_TARGET = 13.2;
				LD_RUNPATH_SEARCH_PATHS = (
					"$(inherited)",
					"@executable_path/Frameworks",
					"@loader_path/Frameworks",
				);
				PRODUCT_BUNDLE_IDENTIFIER = "DePaulUniversity.MilosavljevicM-ATableViewAppTests";
				PRODUCT_NAME = "$(TARGET_NAME)";
				SWIFT_VERSION = 5.0;
				TARGETED_DEVICE_FAMILY = "1,2";
				TEST_HOST = "$(BUILT_PRODUCTS_DIR)/MilosavljevicM_ATableViewApp.app/MilosavljevicM_ATableViewApp";
			};
			name = Debug;
		};
		AD1875DD2414B93F00B0CD75 /* Release */ = {
			isa = XCBuildConfiguration;
			buildSettings = {
				ALWAYS_EMBED_SWIFT_STANDARD_LIBRARIES = YES;
				BUNDLE_LOADER = "$(TEST_HOST)";
				CODE_SIGN_STYLE = Automatic;
				INFOPLIST_FILE = MilosavljevicM_ATableViewAppTests/Info.plist;
				IPHONEOS_DEPLOYMENT_TARGET = 13.2;
				LD_RUNPATH_SEARCH_PATHS = (
					"$(inherited)",
					"@executable_path/Frameworks",
					"@loader_path/Frameworks",
				);
				PRODUCT_BUNDLE_IDENTIFIER = "DePaulUniversity.MilosavljevicM-ATableViewAppTests";
				PRODUCT_NAME = "$(TARGET_NAME)";
				SWIFT_VERSION = 5.0;
				TARGETED_DEVICE_FAMILY = "1,2";
				TEST_HOST = "$(BUILT_PRODUCTS_DIR)/MilosavljevicM_ATableViewApp.app/MilosavljevicM_ATableViewApp";
			};
			name = Release;
		};
		AD1875DF2414B93F00B0CD75 /* Debug */ = {
			isa = XCBuildConfiguration;
			buildSettings = {
				ALWAYS_EMBED_SWIFT_STANDARD_LIBRARIES = YES;
				CODE_SIGN_STYLE = Automatic;
				INFOPLIST_FILE = MilosavljevicM_ATableViewAppUITests/Info.plist;
				LD_RUNPATH_SEARCH_PATHS = (
					"$(inherited)",
					"@executable_path/Frameworks",
					"@loader_path/Frameworks",
				);
				PRODUCT_BUNDLE_IDENTIFIER = "DePaulUniversity.MilosavljevicM-ATableViewAppUITests";
				PRODUCT_NAME = "$(TARGET_NAME)";
				SWIFT_VERSION = 5.0;
				TARGETED_DEVICE_FAMILY = "1,2";
				TEST_TARGET_NAME = MilosavljevicM_ATableViewApp;
			};
			name = Debug;
		};
		AD1875E02414B93F00B0CD75 /* Release */ = {
			isa = XCBuildConfiguration;
			buildSettings = {
				ALWAYS_EMBED_SWIFT_STANDARD_LIBRARIES = YES;
				CODE_SIGN_STYLE = Automatic;
				INFOPLIST_FILE = MilosavljevicM_ATableViewAppUITests/Info.plist;
				LD_RUNPATH_SEARCH_PATHS = (
					"$(inherited)",
					"@executable_path/Frameworks",
					"@loader_path/Frameworks",
				);
				PRODUCT_BUNDLE_IDENTIFIER = "DePaulUniversity.MilosavljevicM-ATableViewAppUITests";
				PRODUCT_NAME = "$(TARGET_NAME)";
				SWIFT_VERSION = 5.0;
				TARGETED_DEVICE_FAMILY = "1,2";
				TEST_TARGET_NAME = MilosavljevicM_ATableViewApp;
			};
			name = Release;
		};
/* End XCBuildConfiguration section */

/* Begin XCConfigurationList section */
		AD1875A92414B93C00B0CD75 /* Build configuration list for PBXProject "MilosavljevicM_ATableViewApp" */ = {
			isa = XCConfigurationList;
			buildConfigurations = (
				AD1875D62414B93F00B0CD75 /* Debug */,
				AD1875D72414B93F00B0CD75 /* Release */,
			);
			defaultConfigurationIsVisible = 0;
			defaultConfigurationName = Release;
		};
		AD1875D82414B93F00B0CD75 /* Build configuration list for PBXNativeTarget "MilosavljevicM_ATableViewApp" */ = {
			isa = XCConfigurationList;
			buildConfigurations = (
				AD1875D92414B93F00B0CD75 /* Debug */,
				AD1875DA2414B93F00B0CD75 /* Release */,
			);
			defaultConfigurationIsVisible = 0;
			defaultConfigurationName = Release;
		};
		AD1875DB2414B93F00B0CD75 /* Build configuration list for PBXNativeTarget "MilosavljevicM_ATableViewAppTests" */ = {
			isa = XCConfigurationList;
			buildConfigurations = (
				AD1875DC2414B93F00B0CD75 /* Debug */,
				AD1875DD2414B93F00B0CD75 /* Release */,
			);
			defaultConfigurationIsVisible = 0;
			defaultConfigurationName = Release;
		};
		AD1875DE2414B93F00B0CD75 /* Build configuration list for PBXNativeTarget "MilosavljevicM_ATableViewAppUITests" */ = {
			isa = XCConfigurationList;
			buildConfigurations = (
				AD1875DF2414B93F00B0CD75 /* Debug */,
				AD1875E02414B93F00B0CD75 /* Release */,
			);
			defaultConfigurationIsVisible = 0;
			defaultConfigurationName = Release;
		};
/* End XCConfigurationList section */
	};
	rootObject = AD1875A62414B93C00B0CD75 /* Project object */;
}
