// !$*UTF8*$!
{
	archiveVersion = 1;
	classes = {
	};
	objectVersion = 50;
	objects = {

/* Begin PBXBuildFile section */
		AD16359B23E2887400294995 /* AppDelegate.swift in Sources */ = {isa = PBXBuildFile; fileRef = AD16359A23E2887400294995 /* AppDelegate.swift */; };
		AD16359D23E2887400294995 /* SceneDelegate.swift in Sources */ = {isa = PBXBuildFile; fileRef = AD16359C23E2887400294995 /* SceneDelegate.swift */; };
		AD16359F23E2887400294995 /* ViewController.swift in Sources */ = {isa = PBXBuildFile; fileRef = AD16359E23E2887400294995 /* ViewController.swift */; };
		AD1635A223E2887400294995 /* Main.storyboard in Resources */ = {isa = PBXBuildFile; fileRef = AD1635A023E2887400294995 /* Main.storyboard */; };
		AD1635A423E2887900294995 /* Assets.xcassets in Resources */ = {isa = PBXBuildFile; fileRef = AD1635A323E2887900294995 /* Assets.xcassets */; };
		AD1635A723E2887900294995 /* LaunchScreen.storyboard in Resources */ = {isa = PBXBuildFile; fileRef = AD1635A523E2887900294995 /* LaunchScreen.storyboard */; };
		AD1635B223E2887A00294995 /* MilosavljevicM_ASimpleCalculatorTests.swift in Sources */ = {isa = PBXBuildFile; fileRef = AD1635B123E2887A00294995 /* MilosavljevicM_ASimpleCalculatorTests.swift */; };
		AD1635BD23E2887A00294995 /* MilosavljevicM_ASimpleCalculatorUITests.swift in Sources */ = {isa = PBXBuildFile; fileRef = AD1635BC23E2887A00294995 /* MilosavljevicM_ASimpleCalculatorUITests.swift */; };
/* End PBXBuildFile section */

/* Begin PBXContainerItemProxy section */
		AD1635AE23E2887A00294995 /* PBXContainerItemProxy */ = {
			isa = PBXContainerItemProxy;
			containerPortal = AD16358F23E2887300294995 /* Project object */;
			proxyType = 1;
			remoteGlobalIDString = AD16359623E2887400294995;
			remoteInfo = MilosavljevicM_ASimpleCalculator;
		};
		AD1635B923E2887A00294995 /* PBXContainerItemProxy */ = {
			isa = PBXContainerItemProxy;
			containerPortal = AD16358F23E2887300294995 /* Project object */;
			proxyType = 1;
			remoteGlobalIDString = AD16359623E2887400294995;
			remoteInfo = MilosavljevicM_ASimpleCalculator;
		};
/* End PBXContainerItemProxy section */

/* Begin PBXFileReference section */
		AD16359723E2887400294995 /* MilosavljevicM_ASimpleCalculator.app */ = {isa = PBXFileReference; explicitFileType = wrapper.application; includeInIndex = 0; path = MilosavljevicM_ASimpleCalculator.app; sourceTree = BUILT_PRODUCTS_DIR; };
		AD16359A23E2887400294995 /* AppDelegate.swift */ = {isa = PBXFileReference; lastKnownFileType = sourcecode.swift; path = AppDelegate.swift; sourceTree = "<group>"; };
		AD16359C23E2887400294995 /* SceneDelegate.swift */ = {isa = PBXFileReference; lastKnownFileType = sourcecode.swift; path = SceneDelegate.swift; sourceTree = "<group>"; };
		AD16359E23E2887400294995 /* ViewController.swift */ = {isa = PBXFileReference; lastKnownFileType = sourcecode.swift; path = ViewController.swift; sourceTree = "<group>"; };
		AD1635A123E2887400294995 /* Base */ = {isa = PBXFileReference; lastKnownFileType = file.storyboard; name = Base; path = Base.lproj/Main.storyboard; sourceTree = "<group>"; };
		AD1635A323E2887900294995 /* Assets.xcassets */ = {isa = PBXFileReference; lastKnownFileType = folder.assetcatalog; path = Assets.xcassets; sourceTree = "<group>"; };
		AD1635A623E2887900294995 /* Base */ = {isa = PBXFileReference; lastKnownFileType = file.storyboard; name = Base; path = Base.lproj/LaunchScreen.storyboard; sourceTree = "<group>"; };
		AD1635A823E2887900294995 /* Info.plist */ = {isa = PBXFileReference; lastKnownFileType = text.plist.xml; path = Info.plist; sourceTree = "<group>"; };
		AD1635AD23E2887A00294995 /* MilosavljevicM_ASimpleCalculatorTests.xctest */ = {isa = PBXFileReference; explicitFileType = wrapper.cfbundle; includeInIndex = 0; path = MilosavljevicM_ASimpleCalculatorTests.xctest; sourceTree = BUILT_PRODUCTS_DIR; };
		AD1635B123E2887A00294995 /* MilosavljevicM_ASimpleCalculatorTests.swift */ = {isa = PBXFileReference; lastKnownFileType = sourcecode.swift; path = MilosavljevicM_ASimpleCalculatorTests.swift; sourceTree = "<group>"; };
		AD1635B323E2887A00294995 /* Info.plist */ = {isa = PBXFileReference; lastKnownFileType = text.plist.xml; path = Info.plist; sourceTree = "<group>"; };
		AD1635B823E2887A00294995 /* MilosavljevicM_ASimpleCalculatorUITests.xctest */ = {isa = PBXFileReference; explicitFileType = wrapper.cfbundle; includeInIndex = 0; path = MilosavljevicM_ASimpleCalculatorUITests.xctest; sourceTree = BUILT_PRODUCTS_DIR; };
		AD1635BC23E2887A00294995 /* MilosavljevicM_ASimpleCalculatorUITests.swift */ = {isa = PBXFileReference; lastKnownFileType = sourcecode.swift; path = MilosavljevicM_ASimpleCalculatorUITests.swift; sourceTree = "<group>"; };
		AD1635BE23E2887A00294995 /* Info.plist */ = {isa = PBXFileReference; lastKnownFileType = text.plist.xml; path = Info.plist; sourceTree = "<group>"; };
/* End PBXFileReference section */

/* Begin PBXFrameworksBuildPhase section */
		AD16359423E2887400294995 /* Frameworks */ = {
			isa = PBXFrameworksBuildPhase;
			buildActionMask = 2147483647;
			files = (
			);
			runOnlyForDeploymentPostprocessing = 0;
		};
		AD1635AA23E2887A00294995 /* Frameworks */ = {
			isa = PBXFrameworksBuildPhase;
			buildActionMask = 2147483647;
			files = (
			);
			runOnlyForDeploymentPostprocessing = 0;
		};
		AD1635B523E2887A00294995 /* Frameworks */ = {
			isa = PBXFrameworksBuildPhase;
			buildActionMask = 2147483647;
			files = (
			);
			runOnlyForDeploymentPostprocessing = 0;
		};
/* End PBXFrameworksBuildPhase section */

/* Begin PBXGroup section */
		AD16358E23E2887300294995 = {
			isa = PBXGroup;
			children = (
				AD16359923E2887400294995 /* MilosavljevicM_ASimpleCalculator */,
				AD1635B023E2887A00294995 /* MilosavljevicM_ASimpleCalculatorTests */,
				AD1635BB23E2887A00294995 /* MilosavljevicM_ASimpleCalculatorUITests */,
				AD16359823E2887400294995 /* Products */,
			);
			sourceTree = "<group>";
		};
		AD16359823E2887400294995 /* Products */ = {
			isa = PBXGroup;
			children = (
				AD16359723E2887400294995 /* MilosavljevicM_ASimpleCalculator.app */,
				AD1635AD23E2887A00294995 /* MilosavljevicM_ASimpleCalculatorTests.xctest */,
				AD1635B823E2887A00294995 /* MilosavljevicM_ASimpleCalculatorUITests.xctest */,
			);
			name = Products;
			sourceTree = "<group>";
		};
		AD16359923E2887400294995 /* MilosavljevicM_ASimpleCalculator */ = {
			isa = PBXGroup;
			children = (
				AD16359A23E2887400294995 /* AppDelegate.swift */,
				AD16359C23E2887400294995 /* SceneDelegate.swift */,
				AD16359E23E2887400294995 /* ViewController.swift */,
				AD1635A023E2887400294995 /* Main.storyboard */,
				AD1635A323E2887900294995 /* Assets.xcassets */,
				AD1635A523E2887900294995 /* LaunchScreen.storyboard */,
				AD1635A823E2887900294995 /* Info.plist */,
			);
			path = MilosavljevicM_ASimpleCalculator;
			sourceTree = "<group>";
		};
		AD1635B023E2887A00294995 /* MilosavljevicM_ASimpleCalculatorTests */ = {
			isa = PBXGroup;
			children = (
				AD1635B123E2887A00294995 /* MilosavljevicM_ASimpleCalculatorTests.swift */,
				AD1635B323E2887A00294995 /* Info.plist */,
			);
			path = MilosavljevicM_ASimpleCalculatorTests;
			sourceTree = "<group>";
		};
		AD1635BB23E2887A00294995 /* MilosavljevicM_ASimpleCalculatorUITests */ = {
			isa = PBXGroup;
			children = (
				AD1635BC23E2887A00294995 /* MilosavljevicM_ASimpleCalculatorUITests.swift */,
				AD1635BE23E2887A00294995 /* Info.plist */,
			);
			path = MilosavljevicM_ASimpleCalculatorUITests;
			sourceTree = "<group>";
		};
/* End PBXGroup section */

/* Begin PBXNativeTarget section */
		AD16359623E2887400294995 /* MilosavljevicM_ASimpleCalculator */ = {
			isa = PBXNativeTarget;
			buildConfigurationList = AD1635C123E2887A00294995 /* Build configuration list for PBXNativeTarget "MilosavljevicM_ASimpleCalculator" */;
			buildPhases = (
				AD16359323E2887400294995 /* Sources */,
				AD16359423E2887400294995 /* Frameworks */,
				AD16359523E2887400294995 /* Resources */,
			);
			buildRules = (
			);
			dependencies = (
			);
			name = MilosavljevicM_ASimpleCalculator;
			productName = MilosavljevicM_ASimpleCalculator;
			productReference = AD16359723E2887400294995 /* MilosavljevicM_ASimpleCalculator.app */;
			productType = "com.apple.product-type.application";
		};
		AD1635AC23E2887A00294995 /* MilosavljevicM_ASimpleCalculatorTests */ = {
			isa = PBXNativeTarget;
			buildConfigurationList = AD1635C423E2887A00294995 /* Build configuration list for PBXNativeTarget "MilosavljevicM_ASimpleCalculatorTests" */;
			buildPhases = (
				AD1635A923E2887A00294995 /* Sources */,
				AD1635AA23E2887A00294995 /* Frameworks */,
				AD1635AB23E2887A00294995 /* Resources */,
			);
			buildRules = (
			);
			dependencies = (
				AD1635AF23E2887A00294995 /* PBXTargetDependency */,
			);
			name = MilosavljevicM_ASimpleCalculatorTests;
			productName = MilosavljevicM_ASimpleCalculatorTests;
			productReference = AD1635AD23E2887A00294995 /* MilosavljevicM_ASimpleCalculatorTests.xctest */;
			productType = "com.apple.product-type.bundle.unit-test";
		};
		AD1635B723E2887A00294995 /* MilosavljevicM_ASimpleCalculatorUITests */ = {
			isa = PBXNativeTarget;
			buildConfigurationList = AD1635C723E2887A00294995 /* Build configuration list for PBXNativeTarget "MilosavljevicM_ASimpleCalculatorUITests" */;
			buildPhases = (
				AD1635B423E2887A00294995 /* Sources */,
				AD1635B523E2887A00294995 /* Frameworks */,
				AD1635B623E2887A00294995 /* Resources */,
			);
			buildRules = (
			);
			dependencies = (
				AD1635BA23E2887A00294995 /* PBXTargetDependency */,
			);
			name = MilosavljevicM_ASimpleCalculatorUITests;
			productName = MilosavljevicM_ASimpleCalculatorUITests;
			productReference = AD1635B823E2887A00294995 /* MilosavljevicM_ASimpleCalculatorUITests.xctest */;
			productType = "com.apple.product-type.bundle.ui-testing";
		};
/* End PBXNativeTarget section */

/* Begin PBXProject section */
		AD16358F23E2887300294995 /* Project object */ = {
			isa = PBXProject;
			attributes = {
				LastSwiftUpdateCheck = 1130;
				LastUpgradeCheck = 1130;
				ORGANIZATIONNAME = "Marko Milosavljevic";
				TargetAttributes = {
					AD16359623E2887400294995 = {
						CreatedOnToolsVersion = 11.3.1;
					};
					AD1635AC23E2887A00294995 = {
						CreatedOnToolsVersion = 11.3.1;
						TestTargetID = AD16359623E2887400294995;
					};
					AD1635B723E2887A00294995 = {
						CreatedOnToolsVersion = 11.3.1;
						TestTargetID = AD16359623E2887400294995;
					};
				};
			};
			buildConfigurationList = AD16359223E2887300294995 /* Build configuration list for PBXProject "MilosavljevicM_ASimpleCalculator" */;
			compatibilityVersion = "Xcode 9.3";
			developmentRegion = en;
			hasScannedForEncodings = 0;
			knownRegions = (
				en,
				Base,
			);
			mainGroup = AD16358E23E2887300294995;
			productRefGroup = AD16359823E2887400294995 /* Products */;
			projectDirPath = "";
			projectRoot = "";
			targets = (
				AD16359623E2887400294995 /* MilosavljevicM_ASimpleCalculator */,
				AD1635AC23E2887A00294995 /* MilosavljevicM_ASimpleCalculatorTests */,
				AD1635B723E2887A00294995 /* MilosavljevicM_ASimpleCalculatorUITests */,
			);
		};
/* End PBXProject section */

/* Begin PBXResourcesBuildPhase section */
		AD16359523E2887400294995 /* Resources */ = {
			isa = PBXResourcesBuildPhase;
			buildActionMask = 2147483647;
			files = (
				AD1635A723E2887900294995 /* LaunchScreen.storyboard in Resources */,
				AD1635A423E2887900294995 /* Assets.xcassets in Resources */,
				AD1635A223E2887400294995 /* Main.storyboard in Resources */,
			);
			runOnlyForDeploymentPostprocessing = 0;
		};
		AD1635AB23E2887A00294995 /* Resources */ = {
			isa = PBXResourcesBuildPhase;
			buildActionMask = 2147483647;
			files = (
			);
			runOnlyForDeploymentPostprocessing = 0;
		};
		AD1635B623E2887A00294995 /* Resources */ = {
			isa = PBXResourcesBuildPhase;
			buildActionMask = 2147483647;
			files = (
			);
			runOnlyForDeploymentPostprocessing = 0;
		};
/* End PBXResourcesBuildPhase section */

/* Begin PBXSourcesBuildPhase section */
		AD16359323E2887400294995 /* Sources */ = {
			isa = PBXSourcesBuildPhase;
			buildActionMask = 2147483647;
			files = (
				AD16359F23E2887400294995 /* ViewController.swift in Sources */,
				AD16359B23E2887400294995 /* AppDelegate.swift in Sources */,
				AD16359D23E2887400294995 /* SceneDelegate.swift in Sources */,
			);
			runOnlyForDeploymentPostprocessing = 0;
		};
		AD1635A923E2887A00294995 /* Sources */ = {
			isa = PBXSourcesBuildPhase;
			buildActionMask = 2147483647;
			files = (
				AD1635B223E2887A00294995 /* MilosavljevicM_ASimpleCalculatorTests.swift in Sources */,
			);
			runOnlyForDeploymentPostprocessing = 0;
		};
		AD1635B423E2887A00294995 /* Sources */ = {
			isa = PBXSourcesBuildPhase;
			buildActionMask = 2147483647;
			files = (
				AD1635BD23E2887A00294995 /* MilosavljevicM_ASimpleCalculatorUITests.swift in Sources */,
			);
			runOnlyForDeploymentPostprocessing = 0;
		};
/* End PBXSourcesBuildPhase section */

/* Begin PBXTargetDependency section */
		AD1635AF23E2887A00294995 /* PBXTargetDependency */ = {
			isa = PBXTargetDependency;
			target = AD16359623E2887400294995 /* MilosavljevicM_ASimpleCalculator */;
			targetProxy = AD1635AE23E2887A00294995 /* PBXContainerItemProxy */;
		};
		AD1635BA23E2887A00294995 /* PBXTargetDependency */ = {
			isa = PBXTargetDependency;
			target = AD16359623E2887400294995 /* MilosavljevicM_ASimpleCalculator */;
			targetProxy = AD1635B923E2887A00294995 /* PBXContainerItemProxy */;
		};
/* End PBXTargetDependency section */

/* Begin PBXVariantGroup section */
		AD1635A023E2887400294995 /* Main.storyboard */ = {
			isa = PBXVariantGroup;
			children = (
				AD1635A123E2887400294995 /* Base */,
			);
			name = Main.storyboard;
			sourceTree = "<group>";
		};
		AD1635A523E2887900294995 /* LaunchScreen.storyboard */ = {
			isa = PBXVariantGroup;
			children = (
				AD1635A623E2887900294995 /* Base */,
			);
			name = LaunchScreen.storyboard;
			sourceTree = "<group>";
		};
/* End PBXVariantGroup section */

/* Begin XCBuildConfiguration section */
		AD1635BF23E2887A00294995 /* Debug */ = {
			isa = XCBuildConfiguration;
			buildSettings = {
				ALWAYS_SEARCH_USER_PATHS = NO;
				CLANG_ANALYZER_NONNULL = YES;
				CLANG_ANALYZER_NUMBER_OBJECT_CONVERSION = YES_AGGRESSIVE;
				CLANG_CXX_LANGUAGE_STANDARD = "gnu++14";
				CLANG_CXX_LIBRARY = "libc++";
				CLANG_ENABLE_MODULES = YES;
				CLANG_ENABLE_OBJC_ARC = YES;
				CLANG_ENABLE_OBJC_WEAK = YES;
				CLANG_WARN_BLOCK_CAPTURE_AUTORELEASING = YES;
				CLANG_WARN_BOOL_CONVERSION = YES;
				CLANG_WARN_COMMA = YES;
				CLANG_WARN_CONSTANT_CONVERSION = YES;
				CLANG_WARN_DEPRECATED_OBJC_IMPLEMENTATIONS = YES;
				CLANG_WARN_DIRECT_OBJC_ISA_USAGE = YES_ERROR;
				CLANG_WARN_DOCUMENTATION_COMMENTS = YES;
				CLANG_WARN_EMPTY_BODY = YES;
				CLANG_WARN_ENUM_CONVERSION = YES;
				CLANG_WARN_INFINITE_RECURSION = YES;
				CLANG_WARN_INT_CONVERSION = YES;
				CLANG_WARN_NON_LITERAL_NULL_CONVERSION = YES;
				CLANG_WARN_OBJC_IMPLICIT_RETAIN_SELF = YES;
				CLANG_WARN_OBJC_LITERAL_CONVERSION = YES;
				CLANG_WARN_OBJC_ROOT_CLASS = YES_ERROR;
				CLANG_WARN_RANGE_LOOP_ANALYSIS = YES;
				CLANG_WARN_STRICT_PROTOTYPES = YES;
				CLANG_WARN_SUSPICIOUS_MOVE = YES;
				CLANG_WARN_UNGUARDED_AVAILABILITY = YES_AGGRESSIVE;
				CLANG_WARN_UNREACHABLE_CODE = YES;
				CLANG_WARN__DUPLICATE_METHOD_MATCH = YES;
				COPY_PHASE_STRIP = NO;
				DEBUG_INFORMATION_FORMAT = dwarf;
				ENABLE_STRICT_OBJC_MSGSEND = YES;
				ENABLE_TESTABILITY = YES;
				GCC_C_LANGUAGE_STANDARD = gnu11;
				GCC_DYNAMIC_NO_PIC = NO;
				GCC_NO_COMMON_BLOCKS = YES;
				GCC_OPTIMIZATION_LEVEL = 0;
				GCC_PREPROCESSOR_DEFINITIONS = (
					"DEBUG=1",
					"$(inherited)",
				);
				GCC_WARN_64_TO_32_BIT_CONVERSION = YES;
				GCC_WARN_ABOUT_RETURN_TYPE = YES_ERROR;
				GCC_WARN_UNDECLARED_SELECTOR = YES;
				GCC_WARN_UNINITIALIZED_AUTOS = YES_AGGRESSIVE;
				GCC_WARN_UNUSED_FUNCTION = YES;
				GCC_WARN_UNUSED_VARIABLE = YES;
				IPHONEOS_DEPLOYMENT_TARGET = 13.2;
				MTL_ENABLE_DEBUG_INFO = INCLUDE_SOURCE;
				MTL_FAST_MATH = YES;
				ONLY_ACTIVE_ARCH = YES;
				SDKROOT = iphoneos;
				SWIFT_ACTIVE_COMPILATION_CONDITIONS = DEBUG;
				SWIFT_OPTIMIZATION_LEVEL = "-Onone";
			};
			name = Debug;
		};
		AD1635C023E2887A00294995 /* Release */ = {
			isa = XCBuildConfiguration;
			buildSettings = {
				ALWAYS_SEARCH_USER_PATHS = NO;
				CLANG_ANALYZER_NONNULL = YES;
				CLANG_ANALYZER_NUMBER_OBJECT_CONVERSION = YES_AGGRESSIVE;
				CLANG_CXX_LANGUAGE_STANDARD = "gnu++14";
				CLANG_CXX_LIBRARY = "libc++";
				CLANG_ENABLE_MODULES = YES;
				CLANG_ENABLE_OBJC_ARC = YES;
				CLANG_ENABLE_OBJC_WEAK = YES;
				CLANG_WARN_BLOCK_CAPTURE_AUTORELEASING = YES;
				CLANG_WARN_BOOL_CONVERSION = YES;
				CLANG_WARN_COMMA = YES;
				CLANG_WARN_CONSTANT_CONVERSION = YES;
				CLANG_WARN_DEPRECATED_OBJC_IMPLEMENTATIONS = YES;
				CLANG_WARN_DIRECT_OBJC_ISA_USAGE = YES_ERROR;
				CLANG_WARN_DOCUMENTATION_COMMENTS = YES;
				CLANG_WARN_EMPTY_BODY = YES;
				CLANG_WARN_ENUM_CONVERSION = YES;
				CLANG_WARN_INFINITE_RECURSION = YES;
				CLANG_WARN_INT_CONVERSION = YES;
				CLANG_WARN_NON_LITERAL_NULL_CONVERSION = YES;
				CLANG_WARN_OBJC_IMPLICIT_RETAIN_SELF = YES;
				CLANG_WARN_OBJC_LITERAL_CONVERSION = YES;
				CLANG_WARN_OBJC_ROOT_CLASS = YES_ERROR;
				CLANG_WARN_RANGE_LOOP_ANALYSIS = YES;
				CLANG_WARN_STRICT_PROTOTYPES = YES;
				CLANG_WARN_SUSPICIOUS_MOVE = YES;
				CLANG_WARN_UNGUARDED_AVAILABILITY = YES_AGGRESSIVE;
				CLANG_WARN_UNREACHABLE_CODE = YES;
				CLANG_WARN__DUPLICATE_METHOD_MATCH = YES;
				COPY_PHASE_STRIP = NO;
				DEBUG_INFORMATION_FORMAT = "dwarf-with-dsym";
				ENABLE_NS_ASSERTIONS = NO;
				ENABLE_STRICT_OBJC_MSGSEND = YES;
				GCC_C_LANGUAGE_STANDARD = gnu11;
				GCC_NO_COMMON_BLOCKS = YES;
				GCC_WARN_64_TO_32_BIT_CONVERSION = YES;
				GCC_WARN_ABOUT_RETURN_TYPE = YES_ERROR;
				GCC_WARN_UNDECLARED_SELECTOR = YES;
				GCC_WARN_UNINITIALIZED_AUTOS = YES_AGGRESSIVE;
				GCC_WARN_UNUSED_FUNCTION = YES;
				GCC_WARN_UNUSED_VARIABLE = YES;
				IPHONEOS_DEPLOYMENT_TARGET = 13.2;
				MTL_ENABLE_DEBUG_INFO = NO;
				MTL_FAST_MATH = YES;
				SDKROOT = iphoneos;
				SWIFT_COMPILATION_MODE = wholemodule;
				SWIFT_OPTIMIZATION_LEVEL = "-O";
				VALIDATE_PRODUCT = YES;
			};
			name = Release;
		};
		AD1635C223E2887A00294995 /* Debug */ = {
			isa = XCBuildConfiguration;
			buildSettings = {
				ASSETCATALOG_COMPILER_APPICON_NAME = AppIcon;
				CODE_SIGN_STYLE = Automatic;
				INFOPLIST_FILE = MilosavljevicM_ASimpleCalculator/Info.plist;
				LD_RUNPATH_SEARCH_PATHS = (
					"$(inherited)",
					"@executable_path/Frameworks",
				);
				PRODUCT_BUNDLE_IDENTIFIER = "DePaulUniversity.MilosavljevicM-ASimpleCalculator";
				PRODUCT_NAME = "$(TARGET_NAME)";
				SWIFT_VERSION = 5.0;
				TARGETED_DEVICE_FAMILY = 1;
			};
			name = Debug;
		};
		AD1635C323E2887A00294995 /* Release */ = {
			isa = XCBuildConfiguration;
			buildSettings = {
				ASSETCATALOG_COMPILER_APPICON_NAME = AppIcon;
				CODE_SIGN_STYLE = Automatic;
				INFOPLIST_FILE = MilosavljevicM_ASimpleCalculator/Info.plist;
				LD_RUNPATH_SEARCH_PATHS = (
					"$(inherited)",
					"@executable_path/Frameworks",
				);
				PRODUCT_BUNDLE_IDENTIFIER = "DePaulUniversity.MilosavljevicM-ASimpleCalculator";
				PRODUCT_NAME = "$(TARGET_NAME)";
				SWIFT_VERSION = 5.0;
				TARGETED_DEVICE_FAMILY = 1;
			};
			name = Release;
		};
		AD1635C523E2887A00294995 /* Debug */ = {
			isa = XCBuildConfiguration;
			buildSettings = {
				ALWAYS_EMBED_SWIFT_STANDARD_LIBRARIES = YES;
				BUNDLE_LOADER = "$(TEST_HOST)";
				CODE_SIGN_STYLE = Automatic;
				INFOPLIST_FILE = MilosavljevicM_ASimpleCalculatorTests/Info.plist;
				IPHONEOS_DEPLOYMENT_TARGET = 13.2;
				LD_RUNPATH_SEARCH_PATHS = (
					"$(inherited)",
					"@executable_path/Frameworks",
					"@loader_path/Frameworks",
				);
				PRODUCT_BUNDLE_IDENTIFIER = "DePaulUniversity.MilosavljevicM-ASimpleCalculatorTests";
				PRODUCT_NAME = "$(TARGET_NAME)";
				SWIFT_VERSION = 5.0;
				TARGETED_DEVICE_FAMILY = "1,2";
				TEST_HOST = "$(BUILT_PRODUCTS_DIR)/MilosavljevicM_ASimpleCalculator.app/MilosavljevicM_ASimpleCalculator";
			};
			name = Debug;
		};
		AD1635C623E2887A00294995 /* Release */ = {
			isa = XCBuildConfiguration;
			buildSettings = {
				ALWAYS_EMBED_SWIFT_STANDARD_LIBRARIES = YES;
				BUNDLE_LOADER = "$(TEST_HOST)";
				CODE_SIGN_STYLE = Automatic;
				INFOPLIST_FILE = MilosavljevicM_ASimpleCalculatorTests/Info.plist;
				IPHONEOS_DEPLOYMENT_TARGET = 13.2;
				LD_RUNPATH_SEARCH_PATHS = (
					"$(inherited)",
					"@executable_path/Frameworks",
					"@loader_path/Frameworks",
				);
				PRODUCT_BUNDLE_IDENTIFIER = "DePaulUniversity.MilosavljevicM-ASimpleCalculatorTests";
				PRODUCT_NAME = "$(TARGET_NAME)";
				SWIFT_VERSION = 5.0;
				TARGETED_DEVICE_FAMILY = "1,2";
				TEST_HOST = "$(BUILT_PRODUCTS_DIR)/MilosavljevicM_ASimpleCalculator.app/MilosavljevicM_ASimpleCalculator";
			};
			name = Release;
		};
		AD1635C823E2887A00294995 /* Debug */ = {
			isa = XCBuildConfiguration;
			buildSettings = {
				ALWAYS_EMBED_SWIFT_STANDARD_LIBRARIES = YES;
				CODE_SIGN_STYLE = Automatic;
				INFOPLIST_FILE = MilosavljevicM_ASimpleCalculatorUITests/Info.plist;
				LD_RUNPATH_SEARCH_PATHS = (
					"$(inherited)",
					"@executable_path/Frameworks",
					"@loader_path/Frameworks",
				);
				PRODUCT_BUNDLE_IDENTIFIER = "DePaulUniversity.MilosavljevicM-ASimpleCalculatorUITests";
				PRODUCT_NAME = "$(TARGET_NAME)";
				SWIFT_VERSION = 5.0;
				TARGETED_DEVICE_FAMILY = "1,2";
				TEST_TARGET_NAME = MilosavljevicM_ASimpleCalculator;
			};
			name = Debug;
		};
		AD1635C923E2887A00294995 /* Release */ = {
			isa = XCBuildConfiguration;
			buildSettings = {
				ALWAYS_EMBED_SWIFT_STANDARD_LIBRARIES = YES;
				CODE_SIGN_STYLE = Automatic;
				INFOPLIST_FILE = MilosavljevicM_ASimpleCalculatorUITests/Info.plist;
				LD_RUNPATH_SEARCH_PATHS = (
					"$(inherited)",
					"@executable_path/Frameworks",
					"@loader_path/Frameworks",
				);
				PRODUCT_BUNDLE_IDENTIFIER = "DePaulUniversity.MilosavljevicM-ASimpleCalculatorUITests";
				PRODUCT_NAME = "$(TARGET_NAME)";
				SWIFT_VERSION = 5.0;
				TARGETED_DEVICE_FAMILY = "1,2";
				TEST_TARGET_NAME = MilosavljevicM_ASimpleCalculator;
			};
			name = Release;
		};
/* End XCBuildConfiguration section */

/* Begin XCConfigurationList section */
		AD16359223E2887300294995 /* Build configuration list for PBXProject "MilosavljevicM_ASimpleCalculator" */ = {
			isa = XCConfigurationList;
			buildConfigurations = (
				AD1635BF23E2887A00294995 /* Debug */,
				AD1635C023E2887A00294995 /* Release */,
			);
			defaultConfigurationIsVisible = 0;
			defaultConfigurationName = Release;
		};
		AD1635C123E2887A00294995 /* Build configuration list for PBXNativeTarget "MilosavljevicM_ASimpleCalculator" */ = {
			isa = XCConfigurationList;
			buildConfigurations = (
				AD1635C223E2887A00294995 /* Debug */,
				AD1635C323E2887A00294995 /* Release */,
			);
			defaultConfigurationIsVisible = 0;
			defaultConfigurationName = Release;
		};
		AD1635C423E2887A00294995 /* Build configuration list for PBXNativeTarget "MilosavljevicM_ASimpleCalculatorTests" */ = {
			isa = XCConfigurationList;
			buildConfigurations = (
				AD1635C523E2887A00294995 /* Debug */,
				AD1635C623E2887A00294995 /* Release */,
			);
			defaultConfigurationIsVisible = 0;
			defaultConfigurationName = Release;
		};
		AD1635C723E2887A00294995 /* Build configuration list for PBXNativeTarget "MilosavljevicM_ASimpleCalculatorUITests" */ = {
			isa = XCConfigurationList;
			buildConfigurations = (
				AD1635C823E2887A00294995 /* Debug */,
				AD1635C923E2887A00294995 /* Release */,
			);
			defaultConfigurationIsVisible = 0;
			defaultConfigurationName = Release;
		};
/* End XCConfigurationList section */
	};
	rootObject = AD16358F23E2887300294995 /* Project object */;
}
